// !$*UTF8*$!
{
	archiveVersion = 1;
	classes = {
	};
	objectVersion = 46;
	objects = {

/* Begin PBXBuildFile section */
		150D04718F6095B228AD963F /* Pods_TestKitchen.framework in Frameworks */ = {isa = PBXBuildFile; fileRef = AAAEA59955108E3A5758535B /* Pods_TestKitchen.framework */; };
		BC2ED6071DC19A5A0062A0AD /* play-A@2x.png in Resources */ = {isa = PBXBuildFile; fileRef = BC2ED6051DC19A5A0062A0AD /* play-A@2x.png */; };
		BC2ED6081DC19A5A0062A0AD /* play-A@3x.png in Resources */ = {isa = PBXBuildFile; fileRef = BC2ED6061DC19A5A0062A0AD /* play-A@3x.png */; };
		BC2ED60C1DC1B0D80062A0AD /* more_icon.png in Resources */ = {isa = PBXBuildFile; fileRef = BC2ED60B1DC1B0D80062A0AD /* more_icon.png */; };
		BC31D1F01DC82F920031B1A6 /* saoyisao@2x.png in Resources */ = {isa = PBXBuildFile; fileRef = BC31D1EC1DC82F920031B1A6 /* saoyisao@2x.png */; };
		BC31D1F11DC82F920031B1A6 /* saoyisao@3x.png in Resources */ = {isa = PBXBuildFile; fileRef = BC31D1ED1DC82F920031B1A6 /* saoyisao@3x.png */; };
		BC31D1F21DC82F920031B1A6 /* search@2x.png in Resources */ = {isa = PBXBuildFile; fileRef = BC31D1EE1DC82F920031B1A6 /* search@2x.png */; };
		BC31D1F31DC82F920031B1A6 /* search@3x.png in Resources */ = {isa = PBXBuildFile; fileRef = BC31D1EF1DC82F920031B1A6 /* search@3x.png */; };
		BC31D1F51DC830210031B1A6 /* navBar.png in Resources */ = {isa = PBXBuildFile; fileRef = BC31D1F41DC830210031B1A6 /* navBar.png */; };
		BC31D1F71DC830270031B1A6 /* navBtn_bag.png in Resources */ = {isa = PBXBuildFile; fileRef = BC31D1F61DC830270031B1A6 /* navBtn_bag.png */; };
		BC31D1F91DC839750031B1A6 /* KTCsegCtrl.swift in Sources */ = {isa = PBXBuildFile; fileRef = BC31D1F81DC839750031B1A6 /* KTCsegCtrl.swift */; };
		BC31D1FB1DC842930031B1A6 /* IngreMateriaView.swift in Sources */ = {isa = PBXBuildFile; fileRef = BC31D1FA1DC842930031B1A6 /* IngreMateriaView.swift */; };
		BC31D8FB1DBD9BF600B4FDF7 /* Controllers.json in Resources */ = {isa = PBXBuildFile; fileRef = BC31D8FA1DBD9BF600B4FDF7 /* Controllers.json */; };
		BC31D8FD1DBDAC4600B4FDF7 /* Const.swift in Sources */ = {isa = PBXBuildFile; fileRef = BC31D8FC1DBDAC4600B4FDF7 /* Const.swift */; };
		BC31D8FF1DBDACE300B4FDF7 /* KTCDownloader.swift in Sources */ = {isa = PBXBuildFile; fileRef = BC31D8FE1DBDACE300B4FDF7 /* KTCDownloader.swift */; };
		BC31D9011DBDB6CC00B4FDF7 /* ingreRecommend.swift in Sources */ = {isa = PBXBuildFile; fileRef = BC31D9001DBDB6CC00B4FDF7 /* ingreRecommend.swift */; };
		BC3955E21DCC1791002FEE0E /* IngreBannerCell.swift in Sources */ = {isa = PBXBuildFile; fileRef = BC3955CE1DCC1791002FEE0E /* IngreBannerCell.swift */; };
		BC3955E31DCC1791002FEE0E /* IngreBannerCell.xib in Resources */ = {isa = PBXBuildFile; fileRef = BC3955CF1DCC1791002FEE0E /* IngreBannerCell.xib */; };
		BC3955E41DCC1791002FEE0E /* IngreHeaderView.swift in Sources */ = {isa = PBXBuildFile; fileRef = BC3955D01DCC1791002FEE0E /* IngreHeaderView.swift */; };
		BC3955E51DCC1791002FEE0E /* IngreLikeCell.swift in Sources */ = {isa = PBXBuildFile; fileRef = BC3955D11DCC1791002FEE0E /* IngreLikeCell.swift */; };
		BC3955E61DCC1791002FEE0E /* IngreLikeCell.xib in Resources */ = {isa = PBXBuildFile; fileRef = BC3955D21DCC1791002FEE0E /* IngreLikeCell.xib */; };
		BC3955E71DCC1791002FEE0E /* IngreLikeHeaderView.swift in Sources */ = {isa = PBXBuildFile; fileRef = BC3955D31DCC1791002FEE0E /* IngreLikeHeaderView.swift */; };
		BC3955E81DCC1791002FEE0E /* IngreRedPacketCell.swift in Sources */ = {isa = PBXBuildFile; fileRef = BC3955D41DCC1791002FEE0E /* IngreRedPacketCell.swift */; };
		BC3955E91DCC1791002FEE0E /* IngreRedPacketCell.xib in Resources */ = {isa = PBXBuildFile; fileRef = BC3955D51DCC1791002FEE0E /* IngreRedPacketCell.xib */; };
		BC3955EA1DCC1791002FEE0E /* IngreSceneCell.swift in Sources */ = {isa = PBXBuildFile; fileRef = BC3955D61DCC1791002FEE0E /* IngreSceneCell.swift */; };
		BC3955EB1DCC1791002FEE0E /* IngreSceneCell.xib in Resources */ = {isa = PBXBuildFile; fileRef = BC3955D71DCC1791002FEE0E /* IngreSceneCell.xib */; };
		BC3955EC1DCC1791002FEE0E /* IngreSceneListCell.swift in Sources */ = {isa = PBXBuildFile; fileRef = BC3955D81DCC1791002FEE0E /* IngreSceneListCell.swift */; };
		BC3955ED1DCC1791002FEE0E /* IngreSceneListCell.xib in Resources */ = {isa = PBXBuildFile; fileRef = BC3955D91DCC1791002FEE0E /* IngreSceneListCell.xib */; };
		BC3955EE1DCC1791002FEE0E /* IngreTalnetCell.swift in Sources */ = {isa = PBXBuildFile; fileRef = BC3955DA1DCC1791002FEE0E /* IngreTalnetCell.swift */; };
		BC3955EF1DCC1791002FEE0E /* IngreTalnetCell.xib in Resources */ = {isa = PBXBuildFile; fileRef = BC3955DB1DCC1791002FEE0E /* IngreTalnetCell.xib */; };
		BC3955F01DCC1791002FEE0E /* IngreTodayCell.swift in Sources */ = {isa = PBXBuildFile; fileRef = BC3955DC1DCC1791002FEE0E /* IngreTodayCell.swift */; };
		BC3955F11DCC1791002FEE0E /* IngreTodayCell.xib in Resources */ = {isa = PBXBuildFile; fileRef = BC3955DD1DCC1791002FEE0E /* IngreTodayCell.xib */; };
		BC3955F21DCC1791002FEE0E /* IngreTopicCell.swift in Sources */ = {isa = PBXBuildFile; fileRef = BC3955DE1DCC1791002FEE0E /* IngreTopicCell.swift */; };
		BC3955F31DCC1791002FEE0E /* IngreTopicCell.xib in Resources */ = {isa = PBXBuildFile; fileRef = BC3955DF1DCC1791002FEE0E /* IngreTopicCell.xib */; };
		BC3955F41DCC1791002FEE0E /* TablePostCell.swift in Sources */ = {isa = PBXBuildFile; fileRef = BC3955E01DCC1791002FEE0E /* TablePostCell.swift */; };
		BC3955F51DCC1791002FEE0E /* TablePostCell.xib in Resources */ = {isa = PBXBuildFile; fileRef = BC3955E11DCC1791002FEE0E /* TablePostCell.xib */; };
		BC3955FC1DCC1797002FEE0E /* FoodCourseController.swift in Sources */ = {isa = PBXBuildFile; fileRef = BC3955F81DCC1797002FEE0E /* FoodCourseController.swift */; };
		BC3955FD1DCC1797002FEE0E /* FoodCourseDetail.swift in Sources */ = {isa = PBXBuildFile; fileRef = BC3955FA1DCC1797002FEE0E /* FoodCourseDetail.swift */; };
		BC3956021DCC183A002FEE0E /* FCVideoCell.swift in Sources */ = {isa = PBXBuildFile; fileRef = BC3956001DCC183A002FEE0E /* FCVideoCell.swift */; };
		BC3956031DCC183A002FEE0E /* FCVideoCell.xib in Resources */ = {isa = PBXBuildFile; fileRef = BC3956011DCC183A002FEE0E /* FCVideoCell.xib */; };
		BC3956061DCC24B7002FEE0E /* FCSubjectCell.swift in Sources */ = {isa = PBXBuildFile; fileRef = BC3956041DCC24B7002FEE0E /* FCSubjectCell.swift */; };
		BC3956071DCC24B7002FEE0E /* FCSubjectCell.xib in Resources */ = {isa = PBXBuildFile; fileRef = BC3956051DCC24B7002FEE0E /* FCSubjectCell.xib */; };
		BC3956091DCC2F19002FEE0E /* FCSerialCell.swift in Sources */ = {isa = PBXBuildFile; fileRef = BC3956081DCC2F19002FEE0E /* FCSerialCell.swift */; };
		BC39560B1DCC5DFC002FEE0E /* FoodCourseComment.swift in Sources */ = {isa = PBXBuildFile; fileRef = BC39560A1DCC5DFC002FEE0E /* FoodCourseComment.swift */; };
		BC39560E1DCC63EB002FEE0E /* FCCommentCell.swift in Sources */ = {isa = PBXBuildFile; fileRef = BC39560C1DCC63EB002FEE0E /* FCCommentCell.swift */; };
		BC39560F1DCC63EB002FEE0E /* FCCommentCell.xib in Resources */ = {isa = PBXBuildFile; fileRef = BC39560D1DCC63EB002FEE0E /* FCCommentCell.xib */; };
		BC3956141DCC64AA002FEE0E /* report_normal@2x.png in Resources */ = {isa = PBXBuildFile; fileRef = BC3956101DCC64AA002FEE0E /* report_normal@2x.png */; };
		BC3956151DCC64AA002FEE0E /* report_normal@3x.png in Resources */ = {isa = PBXBuildFile; fileRef = BC3956111DCC64AA002FEE0E /* report_normal@3x.png */; };
		BC3956161DCC64AA002FEE0E /* report_select@2x.png in Resources */ = {isa = PBXBuildFile; fileRef = BC3956121DCC64AA002FEE0E /* report_select@2x.png */; };
		BC3956171DCC64AA002FEE0E /* report_select@3x.png in Resources */ = {isa = PBXBuildFile; fileRef = BC3956131DCC64AA002FEE0E /* report_select@3x.png */; };
		BC3956191DCC7518002FEE0E /* KTCTabViewController.swift in Sources */ = {isa = PBXBuildFile; fileRef = BC3956181DCC7518002FEE0E /* KTCTabViewController.swift */; };
		BC39561B1DCC7E43002FEE0E /* FCCommentHeader.swift in Sources */ = {isa = PBXBuildFile; fileRef = BC39561A1DCC7E43002FEE0E /* FCCommentHeader.swift */; };
		BC39561D1DCC7E90002FEE0E /* FCCommentHeader.xib in Resources */ = {isa = PBXBuildFile; fileRef = BC39561C1DCC7E90002FEE0E /* FCCommentHeader.xib */; };
		BC4303FC1DB9A50900410286 /* AppDelegate.swift in Sources */ = {isa = PBXBuildFile; fileRef = BC4303FB1DB9A50900410286 /* AppDelegate.swift */; };
		BC4303FE1DB9A50900410286 /* ViewController.swift in Sources */ = {isa = PBXBuildFile; fileRef = BC4303FD1DB9A50900410286 /* ViewController.swift */; };
		BC4304011DB9A50900410286 /* Main.storyboard in Resources */ = {isa = PBXBuildFile; fileRef = BC4303FF1DB9A50900410286 /* Main.storyboard */; };
		BC4304031DB9A50900410286 /* Assets.xcassets in Resources */ = {isa = PBXBuildFile; fileRef = BC4304021DB9A50900410286 /* Assets.xcassets */; };
		BC4304061DB9A50900410286 /* LaunchScreen.storyboard in Resources */ = {isa = PBXBuildFile; fileRef = BC4304041DB9A50900410286 /* LaunchScreen.storyboard */; };
		BC4304111DB9A50900410286 /* TestKitchenTests.swift in Sources */ = {isa = PBXBuildFile; fileRef = BC4304101DB9A50900410286 /* TestKitchenTests.swift */; };
		BC43041C1DB9A50900410286 /* TestKitchenUITests.swift in Sources */ = {isa = PBXBuildFile; fileRef = BC43041B1DB9A50900410286 /* TestKitchenUITests.swift */; };
		BC4304531DB9A91300410286 /* BaseViewController.swift in Sources */ = {isa = PBXBuildFile; fileRef = BC4304521DB9A91300410286 /* BaseViewController.swift */; };
		BC4304571DB9A9FE00410286 /* MaterialViewController.swift in Sources */ = {isa = PBXBuildFile; fileRef = BC4304561DB9A9FE00410286 /* MaterialViewController.swift */; };
		BC4304591DB9AA1700410286 /* CommunityViewController.swift in Sources */ = {isa = PBXBuildFile; fileRef = BC4304581DB9AA1700410286 /* CommunityViewController.swift */; };
		BC43045D1DB9AA4000410286 /* profileViewController.swift in Sources */ = {isa = PBXBuildFile; fileRef = BC43045C1DB9AA4000410286 /* profileViewController.swift */; };
		BC43045F1DB9AA6B00410286 /* FoodClassViewController.swift in Sources */ = {isa = PBXBuildFile; fileRef = BC43045E1DB9AA6B00410286 /* FoodClassViewController.swift */; };
		BC4304611DB9AAC100410286 /* IngredientViewController.swift in Sources */ = {isa = PBXBuildFile; fileRef = BC4304601DB9AAC100410286 /* IngredientViewController.swift */; };
		BC4304651DB9AB2500410286 /* CategoryViewController.swift in Sources */ = {isa = PBXBuildFile; fileRef = BC4304641DB9AB2500410286 /* CategoryViewController.swift */; };
		BC4304671DB9AB8700410286 /* MainTabBarViewController.swift in Sources */ = {isa = PBXBuildFile; fileRef = BC4304661DB9AB8700410286 /* MainTabBarViewController.swift */; };
		BC4304851DB9AF7300410286 /* community_normal@2x.png in Resources */ = {isa = PBXBuildFile; fileRef = BC4304691DB9AF7300410286 /* community_normal@2x.png */; };
		BC4304861DB9AF7300410286 /* community_normal@3x.png in Resources */ = {isa = PBXBuildFile; fileRef = BC43046A1DB9AF7300410286 /* community_normal@3x.png */; };
		BC4304871DB9AF7300410286 /* community_select@2x.png in Resources */ = {isa = PBXBuildFile; fileRef = BC43046B1DB9AF7300410286 /* community_select@2x.png */; };
		BC4304881DB9AF7300410286 /* community_select@3x.png in Resources */ = {isa = PBXBuildFile; fileRef = BC43046C1DB9AF7300410286 /* community_select@3x.png */; };
		BC4304891DB9AF7300410286 /* home_normal@2x.png in Resources */ = {isa = PBXBuildFile; fileRef = BC43046D1DB9AF7300410286 /* home_normal@2x.png */; };
		BC43048A1DB9AF7300410286 /* home_normal@3x.png in Resources */ = {isa = PBXBuildFile; fileRef = BC43046E1DB9AF7300410286 /* home_normal@3x.png */; };
		BC43048B1DB9AF7300410286 /* home_select@2x.png in Resources */ = {isa = PBXBuildFile; fileRef = BC43046F1DB9AF7300410286 /* home_select@2x.png */; };
		BC43048C1DB9AF7300410286 /* home_select@3x.png in Resources */ = {isa = PBXBuildFile; fileRef = BC4304701DB9AF7300410286 /* home_select@3x.png */; };
		BC43048D1DB9AF7300410286 /* mine_normal@2x.png in Resources */ = {isa = PBXBuildFile; fileRef = BC4304711DB9AF7300410286 /* mine_normal@2x.png */; };
		BC43048E1DB9AF7300410286 /* mine_normal@3x.png in Resources */ = {isa = PBXBuildFile; fileRef = BC4304721DB9AF7300410286 /* mine_normal@3x.png */; };
		BC43048F1DB9AF7300410286 /* mine_select@2x.png in Resources */ = {isa = PBXBuildFile; fileRef = BC4304731DB9AF7300410286 /* mine_select@2x.png */; };
		BC4304901DB9AF7300410286 /* mine_select@3x.png in Resources */ = {isa = PBXBuildFile; fileRef = BC4304741DB9AF7300410286 /* mine_select@3x.png */; };
		BC4304911DB9AF7300410286 /* shike_normal@2x.png in Resources */ = {isa = PBXBuildFile; fileRef = BC4304751DB9AF7300410286 /* shike_normal@2x.png */; };
		BC4304921DB9AF7300410286 /* shike_normal@3x.png in Resources */ = {isa = PBXBuildFile; fileRef = BC4304761DB9AF7300410286 /* shike_normal@3x.png */; };
		BC4304931DB9AF7300410286 /* shike_select@2x.png in Resources */ = {isa = PBXBuildFile; fileRef = BC4304771DB9AF7300410286 /* shike_select@2x.png */; };
		BC4304941DB9AF7300410286 /* shike_select@3x.png in Resources */ = {isa = PBXBuildFile; fileRef = BC4304781DB9AF7300410286 /* shike_select@3x.png */; };
		BC4304951DB9AF7300410286 /* shop_normal@2x.png in Resources */ = {isa = PBXBuildFile; fileRef = BC4304791DB9AF7300410286 /* shop_normal@2x.png */; };
		BC4304961DB9AF7300410286 /* shop_normal@3x.png in Resources */ = {isa = PBXBuildFile; fileRef = BC43047A1DB9AF7300410286 /* shop_normal@3x.png */; };
		BC4304971DB9AF7300410286 /* shop_select@2x.png in Resources */ = {isa = PBXBuildFile; fileRef = BC43047B1DB9AF7300410286 /* shop_select@2x.png */; };
		BC4304981DB9AF7300410286 /* shop_select@3x.png in Resources */ = {isa = PBXBuildFile; fileRef = BC43047C1DB9AF7300410286 /* shop_select@3x.png */; };
		BC43049A1DB9B98000410286 /* UIView+Common.swift in Sources */ = {isa = PBXBuildFile; fileRef = BC4304991DB9B98000410286 /* UIView+Common.swift */; };
		BC43049C1DB9BA0A00410286 /* UILabel+common.swift in Sources */ = {isa = PBXBuildFile; fileRef = BC43049B1DB9BA0A00410286 /* UILabel+common.swift */; };
		BC43049E1DB9BB9100410286 /* UIButton+Common.swift in Sources */ = {isa = PBXBuildFile; fileRef = BC43049D1DB9BB9100410286 /* UIButton+Common.swift */; };
		BC4429B31DBEED5A00C93CE0 /* IngreRecommendView.swift in Sources */ = {isa = PBXBuildFile; fileRef = BC4429B21DBEED5A00C93CE0 /* IngreRecommendView.swift */; };
		BC4429B91DBEF80500C93CE0 /* sdefaultImage.png in Resources */ = {isa = PBXBuildFile; fileRef = BC4429B81DBEF80500C93CE0 /* sdefaultImage.png */; };
		BC9CCD721DC97FF30043F613 /* IngreMaterial.swift in Sources */ = {isa = PBXBuildFile; fileRef = BC9CCD711DC97FF30043F613 /* IngreMaterial.swift */; };
		BC9CCD741DC9909F0043F613 /* IngreMaterialCell.swift in Sources */ = {isa = PBXBuildFile; fileRef = BC9CCD731DC9909F0043F613 /* IngreMaterialCell.swift */; };
		BCE942271DC0550800AF4BD2 /* search1.png in Resources */ = {isa = PBXBuildFile; fileRef = BCE942261DC0550800AF4BD2 /* search1.png */; };
		BCED49341DCAD2B900A6E02A /* IngreService.swift in Sources */ = {isa = PBXBuildFile; fileRef = BCED49331DCAD2B900A6E02A /* IngreService.swift */; };
		BCED49361DCAD34F00A6E02A /* FoodCourseService.swift in Sources */ = {isa = PBXBuildFile; fileRef = BCED49351DCAD34F00A6E02A /* FoodCourseService.swift */; };
		BCED49381DCAD3CF00A6E02A /* WebViewService.swift in Sources */ = {isa = PBXBuildFile; fileRef = BCED49371DCAD3CF00A6E02A /* WebViewService.swift */; };
		BCED493A1DCAD3E600A6E02A /* FoodmatchService.swift in Sources */ = {isa = PBXBuildFile; fileRef = BCED49391DCAD3E600A6E02A /* FoodmatchService.swift */; };
		BCED493C1DCAD3F900A6E02A /* ScenelistService.swift in Sources */ = {isa = PBXBuildFile; fileRef = BCED493B1DCAD3F900A6E02A /* ScenelistService.swift */; };
		BCED493E1DCAD40C00A6E02A /* FavoritesService.swift in Sources */ = {isa = PBXBuildFile; fileRef = BCED493D1DCAD40C00A6E02A /* FavoritesService.swift */; };
		BCED49401DCAD41C00A6E02A /* SceneService.swift in Sources */ = {isa = PBXBuildFile; fileRef = BCED493F1DCAD41C00A6E02A /* SceneService.swift */; };
		BCED49421DCAD43100A6E02A /* DishService.swift in Sources */ = {isa = PBXBuildFile; fileRef = BCED49411DCAD43100A6E02A /* DishService.swift */; };
		BCED49441DCAD43E00A6E02A /* VideoService.swift in Sources */ = {isa = PBXBuildFile; fileRef = BCED49431DCAD43E00A6E02A /* VideoService.swift */; };
		BCED49461DCAD45700A6E02A /* RecommendTalnetService.swift in Sources */ = {isa = PBXBuildFile; fileRef = BCED49451DCAD45700A6E02A /* RecommendTalnetService.swift */; };
		BCED49481DCAD47F00A6E02A /* BoutiquepostService.swift in Sources */ = {isa = PBXBuildFile; fileRef = BCED49471DCAD47F00A6E02A /* BoutiquepostService.swift */; };
		BCED494A1DCAD48F00A6E02A /* PostService.swift in Sources */ = {isa = PBXBuildFile; fileRef = BCED49491DCAD48F00A6E02A /* PostService.swift */; };
		BCED494C1DCAD4A000A6E02A /* SubjectListService.swift in Sources */ = {isa = PBXBuildFile; fileRef = BCED494B1DCAD4A000A6E02A /* SubjectListService.swift */; };
		BCED494E1DCAD4B600A6E02A /* MatetialService.swift in Sources */ = {isa = PBXBuildFile; fileRef = BCED494D1DCAD4B600A6E02A /* MatetialService.swift */; };
		BCED49501DCAD4D900A6E02A /* TalentService.swift in Sources */ = {isa = PBXBuildFile; fileRef = BCED494F1DCAD4D900A6E02A /* TalentService.swift */; };
		BCEF5B721DC2E57D00C84C66 /* play.png in Resources */ = {isa = PBXBuildFile; fileRef = BCEF5B711DC2E57D00C84C66 /* play.png */; };
		BCEF5C021DC3400500C84C66 /* MallViewController.swift in Sources */ = {isa = PBXBuildFile; fileRef = BCEF5C011DC3400500C84C66 /* MallViewController.swift */; };
/* End PBXBuildFile section */

/* Begin PBXContainerItemProxy section */
		BC43040D1DB9A50900410286 /* PBXContainerItemProxy */ = {
			isa = PBXContainerItemProxy;
			containerPortal = BC4303F01DB9A50900410286 /* Project object */;
			proxyType = 1;
			remoteGlobalIDString = BC4303F71DB9A50900410286;
			remoteInfo = TestKitchen;
		};
		BC4304181DB9A50900410286 /* PBXContainerItemProxy */ = {
			isa = PBXContainerItemProxy;
			containerPortal = BC4303F01DB9A50900410286 /* Project object */;
			proxyType = 1;
			remoteGlobalIDString = BC4303F71DB9A50900410286;
			remoteInfo = TestKitchen;
		};
/* End PBXContainerItemProxy section */

/* Begin PBXFileReference section */
		645FCF411D130089E5D7F08F /* Pods-TestKitchen.debug.xcconfig */ = {isa = PBXFileReference; includeInIndex = 1; lastKnownFileType = text.xcconfig; name = "Pods-TestKitchen.debug.xcconfig"; path = "Pods/Target Support Files/Pods-TestKitchen/Pods-TestKitchen.debug.xcconfig"; sourceTree = "<group>"; };
		AAAEA59955108E3A5758535B /* Pods_TestKitchen.framework */ = {isa = PBXFileReference; explicitFileType = wrapper.framework; includeInIndex = 0; path = Pods_TestKitchen.framework; sourceTree = BUILT_PRODUCTS_DIR; };
		BAE771C790CE0410F65489E9 /* Pods-TestKitchen.release.xcconfig */ = {isa = PBXFileReference; includeInIndex = 1; lastKnownFileType = text.xcconfig; name = "Pods-TestKitchen.release.xcconfig"; path = "Pods/Target Support Files/Pods-TestKitchen/Pods-TestKitchen.release.xcconfig"; sourceTree = "<group>"; };
		BC2ED6051DC19A5A0062A0AD /* play-A@2x.png */ = {isa = PBXFileReference; lastKnownFileType = image.png; path = "play-A@2x.png"; sourceTree = "<group>"; };
		BC2ED6061DC19A5A0062A0AD /* play-A@3x.png */ = {isa = PBXFileReference; lastKnownFileType = image.png; path = "play-A@3x.png"; sourceTree = "<group>"; };
		BC2ED60B1DC1B0D80062A0AD /* more_icon.png */ = {isa = PBXFileReference; lastKnownFileType = image.png; path = more_icon.png; sourceTree = "<group>"; };
		BC31D1EC1DC82F920031B1A6 /* saoyisao@2x.png */ = {isa = PBXFileReference; lastKnownFileType = image.png; path = "saoyisao@2x.png"; sourceTree = "<group>"; };
		BC31D1ED1DC82F920031B1A6 /* saoyisao@3x.png */ = {isa = PBXFileReference; lastKnownFileType = image.png; path = "saoyisao@3x.png"; sourceTree = "<group>"; };
		BC31D1EE1DC82F920031B1A6 /* search@2x.png */ = {isa = PBXFileReference; lastKnownFileType = image.png; path = "search@2x.png"; sourceTree = "<group>"; };
		BC31D1EF1DC82F920031B1A6 /* search@3x.png */ = {isa = PBXFileReference; lastKnownFileType = image.png; path = "search@3x.png"; sourceTree = "<group>"; };
		BC31D1F41DC830210031B1A6 /* navBar.png */ = {isa = PBXFileReference; lastKnownFileType = image.png; path = navBar.png; sourceTree = "<group>"; };
		BC31D1F61DC830270031B1A6 /* navBtn_bag.png */ = {isa = PBXFileReference; lastKnownFileType = image.png; path = navBtn_bag.png; sourceTree = "<group>"; };
		BC31D1F81DC839750031B1A6 /* KTCsegCtrl.swift */ = {isa = PBXFileReference; fileEncoding = 4; lastKnownFileType = sourcecode.swift; path = KTCsegCtrl.swift; sourceTree = "<group>"; };
		BC31D1FA1DC842930031B1A6 /* IngreMateriaView.swift */ = {isa = PBXFileReference; fileEncoding = 4; lastKnownFileType = sourcecode.swift; path = IngreMateriaView.swift; sourceTree = "<group>"; };
		BC31D8FA1DBD9BF600B4FDF7 /* Controllers.json */ = {isa = PBXFileReference; fileEncoding = 4; lastKnownFileType = text.json; path = Controllers.json; sourceTree = "<group>"; };
		BC31D8FC1DBDAC4600B4FDF7 /* Const.swift */ = {isa = PBXFileReference; fileEncoding = 4; lastKnownFileType = sourcecode.swift; path = Const.swift; sourceTree = "<group>"; };
		BC31D8FE1DBDACE300B4FDF7 /* KTCDownloader.swift */ = {isa = PBXFileReference; fileEncoding = 4; lastKnownFileType = sourcecode.swift; path = KTCDownloader.swift; sourceTree = "<group>"; };
		BC31D9001DBDB6CC00B4FDF7 /* ingreRecommend.swift */ = {isa = PBXFileReference; fileEncoding = 4; lastKnownFileType = sourcecode.swift; path = ingreRecommend.swift; sourceTree = "<group>"; };
		BC3955CE1DCC1791002FEE0E /* IngreBannerCell.swift */ = {isa = PBXFileReference; fileEncoding = 4; lastKnownFileType = sourcecode.swift; path = IngreBannerCell.swift; sourceTree = "<group>"; };
		BC3955CF1DCC1791002FEE0E /* IngreBannerCell.xib */ = {isa = PBXFileReference; fileEncoding = 4; lastKnownFileType = file.xib; path = IngreBannerCell.xib; sourceTree = "<group>"; };
		BC3955D01DCC1791002FEE0E /* IngreHeaderView.swift */ = {isa = PBXFileReference; fileEncoding = 4; lastKnownFileType = sourcecode.swift; path = IngreHeaderView.swift; sourceTree = "<group>"; };
		BC3955D11DCC1791002FEE0E /* IngreLikeCell.swift */ = {isa = PBXFileReference; fileEncoding = 4; lastKnownFileType = sourcecode.swift; path = IngreLikeCell.swift; sourceTree = "<group>"; };
		BC3955D21DCC1791002FEE0E /* IngreLikeCell.xib */ = {isa = PBXFileReference; fileEncoding = 4; lastKnownFileType = file.xib; path = IngreLikeCell.xib; sourceTree = "<group>"; };
		BC3955D31DCC1791002FEE0E /* IngreLikeHeaderView.swift */ = {isa = PBXFileReference; fileEncoding = 4; lastKnownFileType = sourcecode.swift; path = IngreLikeHeaderView.swift; sourceTree = "<group>"; };
		BC3955D41DCC1791002FEE0E /* IngreRedPacketCell.swift */ = {isa = PBXFileReference; fileEncoding = 4; lastKnownFileType = sourcecode.swift; path = IngreRedPacketCell.swift; sourceTree = "<group>"; };
		BC3955D51DCC1791002FEE0E /* IngreRedPacketCell.xib */ = {isa = PBXFileReference; fileEncoding = 4; lastKnownFileType = file.xib; path = IngreRedPacketCell.xib; sourceTree = "<group>"; };
		BC3955D61DCC1791002FEE0E /* IngreSceneCell.swift */ = {isa = PBXFileReference; fileEncoding = 4; lastKnownFileType = sourcecode.swift; path = IngreSceneCell.swift; sourceTree = "<group>"; };
		BC3955D71DCC1791002FEE0E /* IngreSceneCell.xib */ = {isa = PBXFileReference; fileEncoding = 4; lastKnownFileType = file.xib; path = IngreSceneCell.xib; sourceTree = "<group>"; };
		BC3955D81DCC1791002FEE0E /* IngreSceneListCell.swift */ = {isa = PBXFileReference; fileEncoding = 4; lastKnownFileType = sourcecode.swift; path = IngreSceneListCell.swift; sourceTree = "<group>"; };
		BC3955D91DCC1791002FEE0E /* IngreSceneListCell.xib */ = {isa = PBXFileReference; fileEncoding = 4; lastKnownFileType = file.xib; path = IngreSceneListCell.xib; sourceTree = "<group>"; };
		BC3955DA1DCC1791002FEE0E /* IngreTalnetCell.swift */ = {isa = PBXFileReference; fileEncoding = 4; lastKnownFileType = sourcecode.swift; path = IngreTalnetCell.swift; sourceTree = "<group>"; };
		BC3955DB1DCC1791002FEE0E /* IngreTalnetCell.xib */ = {isa = PBXFileReference; fileEncoding = 4; lastKnownFileType = file.xib; path = IngreTalnetCell.xib; sourceTree = "<group>"; };
		BC3955DC1DCC1791002FEE0E /* IngreTodayCell.swift */ = {isa = PBXFileReference; fileEncoding = 4; lastKnownFileType = sourcecode.swift; path = IngreTodayCell.swift; sourceTree = "<group>"; };
		BC3955DD1DCC1791002FEE0E /* IngreTodayCell.xib */ = {isa = PBXFileReference; fileEncoding = 4; lastKnownFileType = file.xib; path = IngreTodayCell.xib; sourceTree = "<group>"; };
		BC3955DE1DCC1791002FEE0E /* IngreTopicCell.swift */ = {isa = PBXFileReference; fileEncoding = 4; lastKnownFileType = sourcecode.swift; path = IngreTopicCell.swift; sourceTree = "<group>"; };
		BC3955DF1DCC1791002FEE0E /* IngreTopicCell.xib */ = {isa = PBXFileReference; fileEncoding = 4; lastKnownFileType = file.xib; path = IngreTopicCell.xib; sourceTree = "<group>"; };
		BC3955E01DCC1791002FEE0E /* TablePostCell.swift */ = {isa = PBXFileReference; fileEncoding = 4; lastKnownFileType = sourcecode.swift; path = TablePostCell.swift; sourceTree = "<group>"; };
		BC3955E11DCC1791002FEE0E /* TablePostCell.xib */ = {isa = PBXFileReference; fileEncoding = 4; lastKnownFileType = file.xib; path = TablePostCell.xib; sourceTree = "<group>"; };
		BC3955F81DCC1797002FEE0E /* FoodCourseController.swift */ = {isa = PBXFileReference; fileEncoding = 4; lastKnownFileType = sourcecode.swift; path = FoodCourseController.swift; sourceTree = "<group>"; };
		BC3955FA1DCC1797002FEE0E /* FoodCourseDetail.swift */ = {isa = PBXFileReference; fileEncoding = 4; lastKnownFileType = sourcecode.swift; path = FoodCourseDetail.swift; sourceTree = "<group>"; };
		BC3956001DCC183A002FEE0E /* FCVideoCell.swift */ = {isa = PBXFileReference; fileEncoding = 4; lastKnownFileType = sourcecode.swift; path = FCVideoCell.swift; sourceTree = "<group>"; };
		BC3956011DCC183A002FEE0E /* FCVideoCell.xib */ = {isa = PBXFileReference; fileEncoding = 4; lastKnownFileType = file.xib; path = FCVideoCell.xib; sourceTree = "<group>"; };
		BC3956041DCC24B7002FEE0E /* FCSubjectCell.swift */ = {isa = PBXFileReference; fileEncoding = 4; lastKnownFileType = sourcecode.swift; path = FCSubjectCell.swift; sourceTree = "<group>"; };
		BC3956051DCC24B7002FEE0E /* FCSubjectCell.xib */ = {isa = PBXFileReference; fileEncoding = 4; lastKnownFileType = file.xib; path = FCSubjectCell.xib; sourceTree = "<group>"; };
		BC3956081DCC2F19002FEE0E /* FCSerialCell.swift */ = {isa = PBXFileReference; fileEncoding = 4; lastKnownFileType = sourcecode.swift; path = FCSerialCell.swift; sourceTree = "<group>"; };
		BC39560A1DCC5DFC002FEE0E /* FoodCourseComment.swift */ = {isa = PBXFileReference; fileEncoding = 4; lastKnownFileType = sourcecode.swift; path = FoodCourseComment.swift; sourceTree = "<group>"; };
		BC39560C1DCC63EB002FEE0E /* FCCommentCell.swift */ = {isa = PBXFileReference; fileEncoding = 4; lastKnownFileType = sourcecode.swift; path = FCCommentCell.swift; sourceTree = "<group>"; };
		BC39560D1DCC63EB002FEE0E /* FCCommentCell.xib */ = {isa = PBXFileReference; fileEncoding = 4; lastKnownFileType = file.xib; path = FCCommentCell.xib; sourceTree = "<group>"; };
		BC3956101DCC64AA002FEE0E /* report_normal@2x.png */ = {isa = PBXFileReference; lastKnownFileType = image.png; path = "report_normal@2x.png"; sourceTree = "<group>"; };
		BC3956111DCC64AA002FEE0E /* report_normal@3x.png */ = {isa = PBXFileReference; lastKnownFileType = image.png; path = "report_normal@3x.png"; sourceTree = "<group>"; };
		BC3956121DCC64AA002FEE0E /* report_select@2x.png */ = {isa = PBXFileReference; lastKnownFileType = image.png; path = "report_select@2x.png"; sourceTree = "<group>"; };
		BC3956131DCC64AA002FEE0E /* report_select@3x.png */ = {isa = PBXFileReference; lastKnownFileType = image.png; path = "report_select@3x.png"; sourceTree = "<group>"; };
		BC3956181DCC7518002FEE0E /* KTCTabViewController.swift */ = {isa = PBXFileReference; fileEncoding = 4; lastKnownFileType = sourcecode.swift; path = KTCTabViewController.swift; sourceTree = "<group>"; };
		BC39561A1DCC7E43002FEE0E /* FCCommentHeader.swift */ = {isa = PBXFileReference; fileEncoding = 4; lastKnownFileType = sourcecode.swift; path = FCCommentHeader.swift; sourceTree = "<group>"; };
		BC39561C1DCC7E90002FEE0E /* FCCommentHeader.xib */ = {isa = PBXFileReference; fileEncoding = 4; lastKnownFileType = file.xib; path = FCCommentHeader.xib; sourceTree = "<group>"; };
		BC4303F81DB9A50900410286 /* TestKitchen.app */ = {isa = PBXFileReference; explicitFileType = wrapper.application; includeInIndex = 0; path = TestKitchen.app; sourceTree = BUILT_PRODUCTS_DIR; };
		BC4303FB1DB9A50900410286 /* AppDelegate.swift */ = {isa = PBXFileReference; lastKnownFileType = sourcecode.swift; path = AppDelegate.swift; sourceTree = "<group>"; };
		BC4303FD1DB9A50900410286 /* ViewController.swift */ = {isa = PBXFileReference; lastKnownFileType = sourcecode.swift; path = ViewController.swift; sourceTree = "<group>"; };
		BC4304001DB9A50900410286 /* Base */ = {isa = PBXFileReference; lastKnownFileType = file.storyboard; name = Base; path = Base.lproj/Main.storyboard; sourceTree = "<group>"; };
		BC4304021DB9A50900410286 /* Assets.xcassets */ = {isa = PBXFileReference; lastKnownFileType = folder.assetcatalog; path = Assets.xcassets; sourceTree = "<group>"; };
		BC4304051DB9A50900410286 /* Base */ = {isa = PBXFileReference; lastKnownFileType = file.storyboard; name = Base; path = Base.lproj/LaunchScreen.storyboard; sourceTree = "<group>"; };
		BC4304071DB9A50900410286 /* Info.plist */ = {isa = PBXFileReference; lastKnownFileType = text.plist.xml; path = Info.plist; sourceTree = "<group>"; };
		BC43040C1DB9A50900410286 /* TestKitchenTests.xctest */ = {isa = PBXFileReference; explicitFileType = wrapper.cfbundle; includeInIndex = 0; path = TestKitchenTests.xctest; sourceTree = BUILT_PRODUCTS_DIR; };
		BC4304101DB9A50900410286 /* TestKitchenTests.swift */ = {isa = PBXFileReference; lastKnownFileType = sourcecode.swift; path = TestKitchenTests.swift; sourceTree = "<group>"; };
		BC4304121DB9A50900410286 /* Info.plist */ = {isa = PBXFileReference; lastKnownFileType = text.plist.xml; path = Info.plist; sourceTree = "<group>"; };
		BC4304171DB9A50900410286 /* TestKitchenUITests.xctest */ = {isa = PBXFileReference; explicitFileType = wrapper.cfbundle; includeInIndex = 0; path = TestKitchenUITests.xctest; sourceTree = BUILT_PRODUCTS_DIR; };
		BC43041B1DB9A50900410286 /* TestKitchenUITests.swift */ = {isa = PBXFileReference; lastKnownFileType = sourcecode.swift; path = TestKitchenUITests.swift; sourceTree = "<group>"; };
		BC43041D1DB9A50900410286 /* Info.plist */ = {isa = PBXFileReference; lastKnownFileType = text.plist.xml; path = Info.plist; sourceTree = "<group>"; };
		BC4304521DB9A91300410286 /* BaseViewController.swift */ = {isa = PBXFileReference; fileEncoding = 4; lastKnownFileType = sourcecode.swift; path = BaseViewController.swift; sourceTree = "<group>"; };
		BC4304561DB9A9FE00410286 /* MaterialViewController.swift */ = {isa = PBXFileReference; fileEncoding = 4; lastKnownFileType = sourcecode.swift; path = MaterialViewController.swift; sourceTree = "<group>"; };
		BC4304581DB9AA1700410286 /* CommunityViewController.swift */ = {isa = PBXFileReference; fileEncoding = 4; lastKnownFileType = sourcecode.swift; path = CommunityViewController.swift; sourceTree = "<group>"; };
		BC43045C1DB9AA4000410286 /* profileViewController.swift */ = {isa = PBXFileReference; fileEncoding = 4; lastKnownFileType = sourcecode.swift; path = profileViewController.swift; sourceTree = "<group>"; };
		BC43045E1DB9AA6B00410286 /* FoodClassViewController.swift */ = {isa = PBXFileReference; fileEncoding = 4; lastKnownFileType = sourcecode.swift; path = FoodClassViewController.swift; sourceTree = "<group>"; };
		BC4304601DB9AAC100410286 /* IngredientViewController.swift */ = {isa = PBXFileReference; fileEncoding = 4; lastKnownFileType = sourcecode.swift; path = IngredientViewController.swift; sourceTree = "<group>"; };
		BC4304641DB9AB2500410286 /* CategoryViewController.swift */ = {isa = PBXFileReference; fileEncoding = 4; lastKnownFileType = sourcecode.swift; path = CategoryViewController.swift; sourceTree = "<group>"; };
		BC4304661DB9AB8700410286 /* MainTabBarViewController.swift */ = {isa = PBXFileReference; fileEncoding = 4; lastKnownFileType = sourcecode.swift; path = MainTabBarViewController.swift; sourceTree = "<group>"; };
		BC4304691DB9AF7300410286 /* community_normal@2x.png */ = {isa = PBXFileReference; lastKnownFileType = image.png; path = "community_normal@2x.png"; sourceTree = "<group>"; };
		BC43046A1DB9AF7300410286 /* community_normal@3x.png */ = {isa = PBXFileReference; lastKnownFileType = image.png; path = "community_normal@3x.png"; sourceTree = "<group>"; };
		BC43046B1DB9AF7300410286 /* community_select@2x.png */ = {isa = PBXFileReference; lastKnownFileType = image.png; path = "community_select@2x.png"; sourceTree = "<group>"; };
		BC43046C1DB9AF7300410286 /* community_select@3x.png */ = {isa = PBXFileReference; lastKnownFileType = image.png; path = "community_select@3x.png"; sourceTree = "<group>"; };
		BC43046D1DB9AF7300410286 /* home_normal@2x.png */ = {isa = PBXFileReference; lastKnownFileType = image.png; path = "home_normal@2x.png"; sourceTree = "<group>"; };
		BC43046E1DB9AF7300410286 /* home_normal@3x.png */ = {isa = PBXFileReference; lastKnownFileType = image.png; path = "home_normal@3x.png"; sourceTree = "<group>"; };
		BC43046F1DB9AF7300410286 /* home_select@2x.png */ = {isa = PBXFileReference; lastKnownFileType = image.png; path = "home_select@2x.png"; sourceTree = "<group>"; };
		BC4304701DB9AF7300410286 /* home_select@3x.png */ = {isa = PBXFileReference; lastKnownFileType = image.png; path = "home_select@3x.png"; sourceTree = "<group>"; };
		BC4304711DB9AF7300410286 /* mine_normal@2x.png */ = {isa = PBXFileReference; lastKnownFileType = image.png; path = "mine_normal@2x.png"; sourceTree = "<group>"; };
		BC4304721DB9AF7300410286 /* mine_normal@3x.png */ = {isa = PBXFileReference; lastKnownFileType = image.png; path = "mine_normal@3x.png"; sourceTree = "<group>"; };
		BC4304731DB9AF7300410286 /* mine_select@2x.png */ = {isa = PBXFileReference; lastKnownFileType = image.png; path = "mine_select@2x.png"; sourceTree = "<group>"; };
		BC4304741DB9AF7300410286 /* mine_select@3x.png */ = {isa = PBXFileReference; lastKnownFileType = image.png; path = "mine_select@3x.png"; sourceTree = "<group>"; };
		BC4304751DB9AF7300410286 /* shike_normal@2x.png */ = {isa = PBXFileReference; lastKnownFileType = image.png; path = "shike_normal@2x.png"; sourceTree = "<group>"; };
		BC4304761DB9AF7300410286 /* shike_normal@3x.png */ = {isa = PBXFileReference; lastKnownFileType = image.png; path = "shike_normal@3x.png"; sourceTree = "<group>"; };
		BC4304771DB9AF7300410286 /* shike_select@2x.png */ = {isa = PBXFileReference; lastKnownFileType = image.png; path = "shike_select@2x.png"; sourceTree = "<group>"; };
		BC4304781DB9AF7300410286 /* shike_select@3x.png */ = {isa = PBXFileReference; lastKnownFileType = image.png; path = "shike_select@3x.png"; sourceTree = "<group>"; };
		BC4304791DB9AF7300410286 /* shop_normal@2x.png */ = {isa = PBXFileReference; lastKnownFileType = image.png; path = "shop_normal@2x.png"; sourceTree = "<group>"; };
		BC43047A1DB9AF7300410286 /* shop_normal@3x.png */ = {isa = PBXFileReference; lastKnownFileType = image.png; path = "shop_normal@3x.png"; sourceTree = "<group>"; };
		BC43047B1DB9AF7300410286 /* shop_select@2x.png */ = {isa = PBXFileReference; lastKnownFileType = image.png; path = "shop_select@2x.png"; sourceTree = "<group>"; };
		BC43047C1DB9AF7300410286 /* shop_select@3x.png */ = {isa = PBXFileReference; lastKnownFileType = image.png; path = "shop_select@3x.png"; sourceTree = "<group>"; };
		BC4304991DB9B98000410286 /* UIView+Common.swift */ = {isa = PBXFileReference; fileEncoding = 4; lastKnownFileType = sourcecode.swift; path = "UIView+Common.swift"; sourceTree = "<group>"; };
		BC43049B1DB9BA0A00410286 /* UILabel+common.swift */ = {isa = PBXFileReference; fileEncoding = 4; lastKnownFileType = sourcecode.swift; path = "UILabel+common.swift"; sourceTree = "<group>"; };
		BC43049D1DB9BB9100410286 /* UIButton+Common.swift */ = {isa = PBXFileReference; fileEncoding = 4; lastKnownFileType = sourcecode.swift; path = "UIButton+Common.swift"; sourceTree = "<group>"; };
		BC4429B21DBEED5A00C93CE0 /* IngreRecommendView.swift */ = {isa = PBXFileReference; fileEncoding = 4; lastKnownFileType = sourcecode.swift; path = IngreRecommendView.swift; sourceTree = "<group>"; };
		BC4429B81DBEF80500C93CE0 /* sdefaultImage.png */ = {isa = PBXFileReference; lastKnownFileType = image.png; name = sdefaultImage.png; path = "../../common(公共类)/sdefaultImage.png"; sourceTree = "<group>"; };
		BC9CCD711DC97FF30043F613 /* IngreMaterial.swift */ = {isa = PBXFileReference; fileEncoding = 4; lastKnownFileType = sourcecode.swift; path = IngreMaterial.swift; sourceTree = "<group>"; };
		BC9CCD731DC9909F0043F613 /* IngreMaterialCell.swift */ = {isa = PBXFileReference; fileEncoding = 4; lastKnownFileType = sourcecode.swift; path = IngreMaterialCell.swift; sourceTree = "<group>"; };
		BCE942261DC0550800AF4BD2 /* search1.png */ = {isa = PBXFileReference; lastKnownFileType = image.png; path = search1.png; sourceTree = "<group>"; };
		BCED49331DCAD2B900A6E02A /* IngreService.swift */ = {isa = PBXFileReference; fileEncoding = 4; lastKnownFileType = sourcecode.swift; path = IngreService.swift; sourceTree = "<group>"; };
		BCED49351DCAD34F00A6E02A /* FoodCourseService.swift */ = {isa = PBXFileReference; fileEncoding = 4; lastKnownFileType = sourcecode.swift; path = FoodCourseService.swift; sourceTree = "<group>"; };
		BCED49371DCAD3CF00A6E02A /* WebViewService.swift */ = {isa = PBXFileReference; fileEncoding = 4; lastKnownFileType = sourcecode.swift; path = WebViewService.swift; sourceTree = "<group>"; };
		BCED49391DCAD3E600A6E02A /* FoodmatchService.swift */ = {isa = PBXFileReference; fileEncoding = 4; lastKnownFileType = sourcecode.swift; path = FoodmatchService.swift; sourceTree = "<group>"; };
		BCED493B1DCAD3F900A6E02A /* ScenelistService.swift */ = {isa = PBXFileReference; fileEncoding = 4; lastKnownFileType = sourcecode.swift; path = ScenelistService.swift; sourceTree = "<group>"; };
		BCED493D1DCAD40C00A6E02A /* FavoritesService.swift */ = {isa = PBXFileReference; fileEncoding = 4; lastKnownFileType = sourcecode.swift; path = FavoritesService.swift; sourceTree = "<group>"; };
		BCED493F1DCAD41C00A6E02A /* SceneService.swift */ = {isa = PBXFileReference; fileEncoding = 4; lastKnownFileType = sourcecode.swift; path = SceneService.swift; sourceTree = "<group>"; };
		BCED49411DCAD43100A6E02A /* DishService.swift */ = {isa = PBXFileReference; fileEncoding = 4; lastKnownFileType = sourcecode.swift; path = DishService.swift; sourceTree = "<group>"; };
		BCED49431DCAD43E00A6E02A /* VideoService.swift */ = {isa = PBXFileReference; fileEncoding = 4; lastKnownFileType = sourcecode.swift; path = VideoService.swift; sourceTree = "<group>"; };
		BCED49451DCAD45700A6E02A /* RecommendTalnetService.swift */ = {isa = PBXFileReference; fileEncoding = 4; lastKnownFileType = sourcecode.swift; path = RecommendTalnetService.swift; sourceTree = "<group>"; };
		BCED49471DCAD47F00A6E02A /* BoutiquepostService.swift */ = {isa = PBXFileReference; fileEncoding = 4; lastKnownFileType = sourcecode.swift; path = BoutiquepostService.swift; sourceTree = "<group>"; };
		BCED49491DCAD48F00A6E02A /* PostService.swift */ = {isa = PBXFileReference; fileEncoding = 4; lastKnownFileType = sourcecode.swift; path = PostService.swift; sourceTree = "<group>"; };
		BCED494B1DCAD4A000A6E02A /* SubjectListService.swift */ = {isa = PBXFileReference; fileEncoding = 4; lastKnownFileType = sourcecode.swift; path = SubjectListService.swift; sourceTree = "<group>"; };
		BCED494D1DCAD4B600A6E02A /* MatetialService.swift */ = {isa = PBXFileReference; fileEncoding = 4; lastKnownFileType = sourcecode.swift; path = MatetialService.swift; sourceTree = "<group>"; };
		BCED494F1DCAD4D900A6E02A /* TalentService.swift */ = {isa = PBXFileReference; fileEncoding = 4; lastKnownFileType = sourcecode.swift; path = TalentService.swift; sourceTree = "<group>"; };
		BCEF5B711DC2E57D00C84C66 /* play.png */ = {isa = PBXFileReference; lastKnownFileType = image.png; path = play.png; sourceTree = "<group>"; };
		BCEF5C011DC3400500C84C66 /* MallViewController.swift */ = {isa = PBXFileReference; fileEncoding = 4; lastKnownFileType = sourcecode.swift; path = MallViewController.swift; sourceTree = "<group>"; };
/* End PBXFileReference section */

/* Begin PBXFrameworksBuildPhase section */
		BC4303F51DB9A50900410286 /* Frameworks */ = {
			isa = PBXFrameworksBuildPhase;
			buildActionMask = 2147483647;
			files = (
				150D04718F6095B228AD963F /* Pods_TestKitchen.framework in Frameworks */,
			);
			runOnlyForDeploymentPostprocessing = 0;
		};
		BC4304091DB9A50900410286 /* Frameworks */ = {
			isa = PBXFrameworksBuildPhase;
			buildActionMask = 2147483647;
			files = (
			);
			runOnlyForDeploymentPostprocessing = 0;
		};
		BC4304141DB9A50900410286 /* Frameworks */ = {
			isa = PBXFrameworksBuildPhase;
			buildActionMask = 2147483647;
			files = (
			);
			runOnlyForDeploymentPostprocessing = 0;
		};
/* End PBXFrameworksBuildPhase section */

/* Begin PBXGroup section */
		1DEF145FFE5A7FB916F7EF1E /* Pods */ = {
			isa = PBXGroup;
			children = (
				645FCF411D130089E5D7F08F /* Pods-TestKitchen.debug.xcconfig */,
				BAE771C790CE0410F65489E9 /* Pods-TestKitchen.release.xcconfig */,
			);
			name = Pods;
			sourceTree = "<group>";
		};
		A6CA61275876FA90A9D35CF9 /* Frameworks */ = {
			isa = PBXGroup;
			children = (
				AAAEA59955108E3A5758535B /* Pods_TestKitchen.framework */,
			);
			name = Frameworks;
			sourceTree = "<group>";
		};
		BC3955CA1DCC1791002FEE0E /* main(主要模块) */ = {
			isa = PBXGroup;
			children = (
				BC3955F61DCC1797002FEE0E /* foodCourse(食材课程) */,
				BC3955CB1DCC1791002FEE0E /* controller */,
				BC3955CC1DCC1791002FEE0E /* model */,
				BC3955CD1DCC1791002FEE0E /* view */,
			);
			path = "main(主要模块)";
			sourceTree = "<group>";
		};
		BC3955CB1DCC1791002FEE0E /* controller */ = {
			isa = PBXGroup;
			children = (
			);
			path = controller;
			sourceTree = "<group>";
		};
		BC3955CC1DCC1791002FEE0E /* model */ = {
			isa = PBXGroup;
			children = (
			);
			path = model;
			sourceTree = "<group>";
		};
		BC3955CD1DCC1791002FEE0E /* view */ = {
			isa = PBXGroup;
			children = (
				BC3955CE1DCC1791002FEE0E /* IngreBannerCell.swift */,
				BC3955CF1DCC1791002FEE0E /* IngreBannerCell.xib */,
				BC3955D01DCC1791002FEE0E /* IngreHeaderView.swift */,
				BC3955D11DCC1791002FEE0E /* IngreLikeCell.swift */,
				BC3955D21DCC1791002FEE0E /* IngreLikeCell.xib */,
				BC3955D31DCC1791002FEE0E /* IngreLikeHeaderView.swift */,
				BC3955D41DCC1791002FEE0E /* IngreRedPacketCell.swift */,
				BC3955D51DCC1791002FEE0E /* IngreRedPacketCell.xib */,
				BC3955D61DCC1791002FEE0E /* IngreSceneCell.swift */,
				BC3955D71DCC1791002FEE0E /* IngreSceneCell.xib */,
				BC3955D81DCC1791002FEE0E /* IngreSceneListCell.swift */,
				BC3955D91DCC1791002FEE0E /* IngreSceneListCell.xib */,
				BC3955DA1DCC1791002FEE0E /* IngreTalnetCell.swift */,
				BC3955DB1DCC1791002FEE0E /* IngreTalnetCell.xib */,
				BC3955DC1DCC1791002FEE0E /* IngreTodayCell.swift */,
				BC3955DD1DCC1791002FEE0E /* IngreTodayCell.xib */,
				BC3955DE1DCC1791002FEE0E /* IngreTopicCell.swift */,
				BC3955DF1DCC1791002FEE0E /* IngreTopicCell.xib */,
				BC3955E01DCC1791002FEE0E /* TablePostCell.swift */,
				BC3955E11DCC1791002FEE0E /* TablePostCell.xib */,
			);
			path = view;
			sourceTree = "<group>";
		};
		BC3955F61DCC1797002FEE0E /* foodCourse(食材课程) */ = {
			isa = PBXGroup;
			children = (
				BC3955F71DCC1797002FEE0E /* controller */,
				BC3955F91DCC1797002FEE0E /* model */,
				BC3955FB1DCC1797002FEE0E /* view */,
			);
			path = "foodCourse(食材课程)";
			sourceTree = "<group>";
		};
		BC3955F71DCC1797002FEE0E /* controller */ = {
			isa = PBXGroup;
			children = (
				BC3955F81DCC1797002FEE0E /* FoodCourseController.swift */,
			);
			path = controller;
			sourceTree = "<group>";
		};
		BC3955F91DCC1797002FEE0E /* model */ = {
			isa = PBXGroup;
			children = (
				BC3955FA1DCC1797002FEE0E /* FoodCourseDetail.swift */,
				BC39560A1DCC5DFC002FEE0E /* FoodCourseComment.swift */,
			);
			path = model;
			sourceTree = "<group>";
		};
		BC3955FB1DCC1797002FEE0E /* view */ = {
			isa = PBXGroup;
			children = (
				BC3956001DCC183A002FEE0E /* FCVideoCell.swift */,
				BC3956011DCC183A002FEE0E /* FCVideoCell.xib */,
				BC3956041DCC24B7002FEE0E /* FCSubjectCell.swift */,
				BC3956051DCC24B7002FEE0E /* FCSubjectCell.xib */,
				BC3956081DCC2F19002FEE0E /* FCSerialCell.swift */,
				BC39560C1DCC63EB002FEE0E /* FCCommentCell.swift */,
				BC39560D1DCC63EB002FEE0E /* FCCommentCell.xib */,
				BC39561A1DCC7E43002FEE0E /* FCCommentHeader.swift */,
				BC39561C1DCC7E90002FEE0E /* FCCommentHeader.xib */,
			);
			path = view;
			sourceTree = "<group>";
		};
		BC4303EF1DB9A50900410286 = {
			isa = PBXGroup;
			children = (
				BC4303FA1DB9A50900410286 /* TestKitchen */,
				BC43040F1DB9A50900410286 /* TestKitchenTests */,
				BC43041A1DB9A50900410286 /* TestKitchenUITests */,
				BC4303F91DB9A50900410286 /* Products */,
				1DEF145FFE5A7FB916F7EF1E /* Pods */,
				A6CA61275876FA90A9D35CF9 /* Frameworks */,
			);
			sourceTree = "<group>";
		};
		BC4303F91DB9A50900410286 /* Products */ = {
			isa = PBXGroup;
			children = (
				BC4303F81DB9A50900410286 /* TestKitchen.app */,
				BC43040C1DB9A50900410286 /* TestKitchenTests.xctest */,
				BC4304171DB9A50900410286 /* TestKitchenUITests.xctest */,
			);
			name = Products;
			sourceTree = "<group>";
		};
		BC4303FA1DB9A50900410286 /* TestKitchen */ = {
			isa = PBXGroup;
			children = (
				BC43042A1DB9A84F00410286 /* classes */,
				BC4303FB1DB9A50900410286 /* AppDelegate.swift */,
				BC4303FD1DB9A50900410286 /* ViewController.swift */,
				BC4303FF1DB9A50900410286 /* Main.storyboard */,
				BC4304021DB9A50900410286 /* Assets.xcassets */,
				BC4304041DB9A50900410286 /* LaunchScreen.storyboard */,
				BC4304071DB9A50900410286 /* Info.plist */,
			);
			path = TestKitchen;
			sourceTree = "<group>";
		};
		BC43040F1DB9A50900410286 /* TestKitchenTests */ = {
			isa = PBXGroup;
			children = (
				BC4304101DB9A50900410286 /* TestKitchenTests.swift */,
				BC4304121DB9A50900410286 /* Info.plist */,
			);
			path = TestKitchenTests;
			sourceTree = "<group>";
		};
		BC43041A1DB9A50900410286 /* TestKitchenUITests */ = {
			isa = PBXGroup;
			children = (
				BC43041B1DB9A50900410286 /* TestKitchenUITests.swift */,
				BC43041D1DB9A50900410286 /* Info.plist */,
			);
			path = TestKitchenUITests;
			sourceTree = "<group>";
		};
		BC43042A1DB9A84F00410286 /* classes */ = {
			isa = PBXGroup;
			children = (
				BCED49321DCAD27D00A6E02A /* service(处理公共点击事件) */,
				BC43042B1DB9A84F00410286 /* common(公共类) */,
				BC43042C1DB9A84F00410286 /* community(社区) */,
				BC4304311DB9A84F00410286 /* foodClass(食课) */,
				BC4304361DB9A84F00410286 /* ingredient(食材) */,
				BC4304471DB9A84F00410286 /* mall(商厦) */,
				BC43044C1DB9A84F00410286 /* profile(我的) */,
				BC4304511DB9A84F00410286 /* resources(资源) */,
			);
			path = classes;
			sourceTree = "<group>";
		};
		BC43042B1DB9A84F00410286 /* common(公共类) */ = {
			isa = PBXGroup;
			children = (
				BC4304521DB9A91300410286 /* BaseViewController.swift */,
				BC4304661DB9AB8700410286 /* MainTabBarViewController.swift */,
				BC4304991DB9B98000410286 /* UIView+Common.swift */,
				BC43049B1DB9BA0A00410286 /* UILabel+common.swift */,
				BC43049D1DB9BB9100410286 /* UIButton+Common.swift */,
				BC31D8FC1DBDAC4600B4FDF7 /* Const.swift */,
				BC31D8FE1DBDACE300B4FDF7 /* KTCDownloader.swift */,
				BC31D1F81DC839750031B1A6 /* KTCsegCtrl.swift */,
				BC31D8FA1DBD9BF600B4FDF7 /* Controllers.json */,
				BC3956181DCC7518002FEE0E /* KTCTabViewController.swift */,
			);
			path = "common(公共类)";
			sourceTree = "<group>";
		};
		BC43042C1DB9A84F00410286 /* community(社区) */ = {
			isa = PBXGroup;
			children = (
				BC43042D1DB9A84F00410286 /* main(主要模块) */,
			);
			path = "community(社区)";
			sourceTree = "<group>";
		};
		BC43042D1DB9A84F00410286 /* main(主要模块) */ = {
			isa = PBXGroup;
			children = (
				BC43042E1DB9A84F00410286 /* controller */,
				BC43042F1DB9A84F00410286 /* model */,
				BC4304301DB9A84F00410286 /* view */,
			);
			path = "main(主要模块)";
			sourceTree = "<group>";
		};
		BC43042E1DB9A84F00410286 /* controller */ = {
			isa = PBXGroup;
			children = (
				BC4304581DB9AA1700410286 /* CommunityViewController.swift */,
			);
			path = controller;
			sourceTree = "<group>";
		};
		BC43042F1DB9A84F00410286 /* model */ = {
			isa = PBXGroup;
			children = (
			);
			path = model;
			sourceTree = "<group>";
		};
		BC4304301DB9A84F00410286 /* view */ = {
			isa = PBXGroup;
			children = (
			);
			path = view;
			sourceTree = "<group>";
		};
		BC4304311DB9A84F00410286 /* foodClass(食课) */ = {
			isa = PBXGroup;
			children = (
				BC4304321DB9A84F00410286 /* main(主要模块) */,
			);
			path = "foodClass(食课)";
			sourceTree = "<group>";
		};
		BC4304321DB9A84F00410286 /* main(主要模块) */ = {
			isa = PBXGroup;
			children = (
				BC4304331DB9A84F00410286 /* controller */,
				BC4304341DB9A84F00410286 /* model */,
				BC4304351DB9A84F00410286 /* view */,
			);
			path = "main(主要模块)";
			sourceTree = "<group>";
		};
		BC4304331DB9A84F00410286 /* controller */ = {
			isa = PBXGroup;
			children = (
				BC43045E1DB9AA6B00410286 /* FoodClassViewController.swift */,
			);
			path = controller;
			sourceTree = "<group>";
		};
		BC4304341DB9A84F00410286 /* model */ = {
			isa = PBXGroup;
			children = (
			);
			path = model;
			sourceTree = "<group>";
		};
		BC4304351DB9A84F00410286 /* view */ = {
			isa = PBXGroup;
			children = (
			);
			path = view;
			sourceTree = "<group>";
		};
		BC4304361DB9A84F00410286 /* ingredient(食材) */ = {
			isa = PBXGroup;
			children = (
				BC4304371DB9A84F00410286 /* category(分类) */,
				BC43043B1DB9A84F00410286 /* main(主要模块) */,
				BC43043F1DB9A84F00410286 /* material(食材) */,
				BC4304431DB9A84F00410286 /* recommend(推荐) */,
			);
			path = "ingredient(食材)";
			sourceTree = "<group>";
		};
		BC4304371DB9A84F00410286 /* category(分类) */ = {
			isa = PBXGroup;
			children = (
				BC4304381DB9A84F00410286 /* controller */,
				BC4304391DB9A84F00410286 /* model */,
				BC43043A1DB9A84F00410286 /* view */,
			);
			path = "category(分类)";
			sourceTree = "<group>";
		};
		BC4304381DB9A84F00410286 /* controller */ = {
			isa = PBXGroup;
			children = (
				BC4304641DB9AB2500410286 /* CategoryViewController.swift */,
			);
			path = controller;
			sourceTree = "<group>";
		};
		BC4304391DB9A84F00410286 /* model */ = {
			isa = PBXGroup;
			children = (
			);
			path = model;
			sourceTree = "<group>";
		};
		BC43043A1DB9A84F00410286 /* view */ = {
			isa = PBXGroup;
			children = (
			);
			path = view;
			sourceTree = "<group>";
		};
		BC43043B1DB9A84F00410286 /* main(主要模块) */ = {
			isa = PBXGroup;
			children = (
				BC43043C1DB9A84F00410286 /* controller */,
				BC43043D1DB9A84F00410286 /* model */,
				BC43043E1DB9A84F00410286 /* view */,
			);
			path = "main(主要模块)";
			sourceTree = "<group>";
		};
		BC43043C1DB9A84F00410286 /* controller */ = {
			isa = PBXGroup;
			children = (
				BC4304601DB9AAC100410286 /* IngredientViewController.swift */,
			);
			path = controller;
			sourceTree = "<group>";
		};
		BC43043D1DB9A84F00410286 /* model */ = {
			isa = PBXGroup;
			children = (
				BC31D9001DBDB6CC00B4FDF7 /* ingreRecommend.swift */,
			);
			path = model;
			sourceTree = "<group>";
		};
		BC43043E1DB9A84F00410286 /* view */ = {
			isa = PBXGroup;
			children = (
				BC4429B21DBEED5A00C93CE0 /* IngreRecommendView.swift */,
			);
			path = view;
			sourceTree = "<group>";
		};
		BC43043F1DB9A84F00410286 /* material(食材) */ = {
			isa = PBXGroup;
			children = (
				BC4304401DB9A84F00410286 /* controller */,
				BC4304411DB9A84F00410286 /* model */,
				BC4304421DB9A84F00410286 /* view */,
			);
			path = "material(食材)";
			sourceTree = "<group>";
		};
		BC4304401DB9A84F00410286 /* controller */ = {
			isa = PBXGroup;
			children = (
				BC4304561DB9A9FE00410286 /* MaterialViewController.swift */,
			);
			path = controller;
			sourceTree = "<group>";
		};
		BC4304411DB9A84F00410286 /* model */ = {
			isa = PBXGroup;
			children = (
				BC9CCD711DC97FF30043F613 /* IngreMaterial.swift */,
			);
			path = model;
			sourceTree = "<group>";
		};
		BC4304421DB9A84F00410286 /* view */ = {
			isa = PBXGroup;
			children = (
				BC31D1FA1DC842930031B1A6 /* IngreMateriaView.swift */,
				BC9CCD731DC9909F0043F613 /* IngreMaterialCell.swift */,
			);
			path = view;
			sourceTree = "<group>";
		};
		BC4304431DB9A84F00410286 /* recommend(推荐) */ = {
			isa = PBXGroup;
			children = (
				BC3955CA1DCC1791002FEE0E /* main(主要模块) */,
			);
			path = "recommend(推荐)";
			sourceTree = "<group>";
		};
		BC4304471DB9A84F00410286 /* mall(商厦) */ = {
			isa = PBXGroup;
			children = (
				BC4304481DB9A84F00410286 /* main(主要模块) */,
			);
			path = "mall(商厦)";
			sourceTree = "<group>";
		};
		BC4304481DB9A84F00410286 /* main(主要模块) */ = {
			isa = PBXGroup;
			children = (
				BC4304491DB9A84F00410286 /* controller */,
				BC43044A1DB9A84F00410286 /* model */,
				BC43044B1DB9A84F00410286 /* view */,
			);
			path = "main(主要模块)";
			sourceTree = "<group>";
		};
		BC4304491DB9A84F00410286 /* controller */ = {
			isa = PBXGroup;
			children = (
				BCEF5C011DC3400500C84C66 /* MallViewController.swift */,
			);
			path = controller;
			sourceTree = "<group>";
		};
		BC43044A1DB9A84F00410286 /* model */ = {
			isa = PBXGroup;
			children = (
			);
			path = model;
			sourceTree = "<group>";
		};
		BC43044B1DB9A84F00410286 /* view */ = {
			isa = PBXGroup;
			children = (
			);
			path = view;
			sourceTree = "<group>";
		};
		BC43044C1DB9A84F00410286 /* profile(我的) */ = {
			isa = PBXGroup;
			children = (
				BC43044D1DB9A84F00410286 /* main(主要模块) */,
			);
			path = "profile(我的)";
			sourceTree = "<group>";
		};
		BC43044D1DB9A84F00410286 /* main(主要模块) */ = {
			isa = PBXGroup;
			children = (
				BC43044E1DB9A84F00410286 /* controller */,
				BC43044F1DB9A84F00410286 /* model */,
				BC4304501DB9A84F00410286 /* view */,
			);
			path = "main(主要模块)";
			sourceTree = "<group>";
		};
		BC43044E1DB9A84F00410286 /* controller */ = {
			isa = PBXGroup;
			children = (
				BC43045C1DB9AA4000410286 /* profileViewController.swift */,
			);
			path = controller;
			sourceTree = "<group>";
		};
		BC43044F1DB9A84F00410286 /* model */ = {
			isa = PBXGroup;
			children = (
			);
			path = model;
			sourceTree = "<group>";
		};
		BC4304501DB9A84F00410286 /* view */ = {
			isa = PBXGroup;
			children = (
			);
			path = view;
			sourceTree = "<group>";
		};
		BC4304511DB9A84F00410286 /* resources(资源) */ = {
			isa = PBXGroup;
			children = (
				BC4304681DB9AF7300410286 /* 标签栏 */,
				BC43047D1DB9AF7300410286 /* 导航 */,
				BC43047E1DB9AF7300410286 /* 公共 */,
				BC43047F1DB9AF7300410286 /* 商城 */,
				BC4304801DB9AF7300410286 /* 社区 */,
				BC4304811DB9AF7300410286 /* 食材 */,
				BC4304821DB9AF7300410286 /* 食课 */,
				BC4304831DB9AF7300410286 /* 图标和启动图片 */,
				BC4304841DB9AF7300410286 /* 我的 */,
			);
			path = "resources(资源)";
			sourceTree = "<group>";
		};
		BC4304681DB9AF7300410286 /* 标签栏 */ = {
			isa = PBXGroup;
			children = (
				BC4304691DB9AF7300410286 /* community_normal@2x.png */,
				BC43046A1DB9AF7300410286 /* community_normal@3x.png */,
				BC43046B1DB9AF7300410286 /* community_select@2x.png */,
				BC43046C1DB9AF7300410286 /* community_select@3x.png */,
				BC43046D1DB9AF7300410286 /* home_normal@2x.png */,
				BC43046E1DB9AF7300410286 /* home_normal@3x.png */,
				BC43046F1DB9AF7300410286 /* home_select@2x.png */,
				BC4304701DB9AF7300410286 /* home_select@3x.png */,
				BC4304711DB9AF7300410286 /* mine_normal@2x.png */,
				BC4304721DB9AF7300410286 /* mine_normal@3x.png */,
				BC4304731DB9AF7300410286 /* mine_select@2x.png */,
				BC4304741DB9AF7300410286 /* mine_select@3x.png */,
				BC4304751DB9AF7300410286 /* shike_normal@2x.png */,
				BC4304761DB9AF7300410286 /* shike_normal@3x.png */,
				BC4304771DB9AF7300410286 /* shike_select@2x.png */,
				BC4304781DB9AF7300410286 /* shike_select@3x.png */,
				BC4304791DB9AF7300410286 /* shop_normal@2x.png */,
				BC43047A1DB9AF7300410286 /* shop_normal@3x.png */,
				BC43047B1DB9AF7300410286 /* shop_select@2x.png */,
				BC43047C1DB9AF7300410286 /* shop_select@3x.png */,
			);
			path = "标签栏";
			sourceTree = "<group>";
		};
		BC43047D1DB9AF7300410286 /* 导航 */ = {
			isa = PBXGroup;
			children = (
				BC31D1F41DC830210031B1A6 /* navBar.png */,
				BC31D1F61DC830270031B1A6 /* navBtn_bag.png */,
				BC31D1EC1DC82F920031B1A6 /* saoyisao@2x.png */,
				BC31D1ED1DC82F920031B1A6 /* saoyisao@3x.png */,
				BC31D1EE1DC82F920031B1A6 /* search@2x.png */,
				BC31D1EF1DC82F920031B1A6 /* search@3x.png */,
			);
			path = "导航";
			sourceTree = "<group>";
		};
		BC43047E1DB9AF7300410286 /* 公共 */ = {
			isa = PBXGroup;
			children = (
				BC4429B81DBEF80500C93CE0 /* sdefaultImage.png */,
			);
			path = "公共";
			sourceTree = "<group>";
		};
		BC43047F1DB9AF7300410286 /* 商城 */ = {
			isa = PBXGroup;
			children = (
			);
			path = "商城";
			sourceTree = "<group>";
		};
		BC4304801DB9AF7300410286 /* 社区 */ = {
			isa = PBXGroup;
			children = (
			);
			path = "社区";
			sourceTree = "<group>";
		};
		BC4304811DB9AF7300410286 /* 食材 */ = {
			isa = PBXGroup;
			children = (
				BCEF5B711DC2E57D00C84C66 /* play.png */,
				BC2ED60B1DC1B0D80062A0AD /* more_icon.png */,
				BC2ED6051DC19A5A0062A0AD /* play-A@2x.png */,
				BC2ED6061DC19A5A0062A0AD /* play-A@3x.png */,
				BCE942261DC0550800AF4BD2 /* search1.png */,
				BC3956101DCC64AA002FEE0E /* report_normal@2x.png */,
				BC3956111DCC64AA002FEE0E /* report_normal@3x.png */,
				BC3956121DCC64AA002FEE0E /* report_select@2x.png */,
				BC3956131DCC64AA002FEE0E /* report_select@3x.png */,
			);
			path = "食材";
			sourceTree = "<group>";
		};
		BC4304821DB9AF7300410286 /* 食课 */ = {
			isa = PBXGroup;
			children = (
			);
			path = "食课";
			sourceTree = "<group>";
		};
		BC4304831DB9AF7300410286 /* 图标和启动图片 */ = {
			isa = PBXGroup;
			children = (
			);
			path = "图标和启动图片";
			sourceTree = "<group>";
		};
		BC4304841DB9AF7300410286 /* 我的 */ = {
			isa = PBXGroup;
			children = (
			);
			path = "我的";
			sourceTree = "<group>";
		};
		BCED49321DCAD27D00A6E02A /* service(处理公共点击事件) */ = {
			isa = PBXGroup;
			children = (
				BCED49331DCAD2B900A6E02A /* IngreService.swift */,
				BCED49351DCAD34F00A6E02A /* FoodCourseService.swift */,
				BCED49371DCAD3CF00A6E02A /* WebViewService.swift */,
				BCED49391DCAD3E600A6E02A /* FoodmatchService.swift */,
				BCED493B1DCAD3F900A6E02A /* ScenelistService.swift */,
				BCED493D1DCAD40C00A6E02A /* FavoritesService.swift */,
				BCED493F1DCAD41C00A6E02A /* SceneService.swift */,
				BCED49411DCAD43100A6E02A /* DishService.swift */,
				BCED49431DCAD43E00A6E02A /* VideoService.swift */,
				BCED49451DCAD45700A6E02A /* RecommendTalnetService.swift */,
				BCED49471DCAD47F00A6E02A /* BoutiquepostService.swift */,
				BCED49491DCAD48F00A6E02A /* PostService.swift */,
				BCED494B1DCAD4A000A6E02A /* SubjectListService.swift */,
				BCED494D1DCAD4B600A6E02A /* MatetialService.swift */,
				BCED494F1DCAD4D900A6E02A /* TalentService.swift */,
			);
			name = "service(处理公共点击事件)";
			path = "ingredient(食材)/service(处理公共点击事件)";
			sourceTree = "<group>";
		};
/* End PBXGroup section */

/* Begin PBXNativeTarget section */
		BC4303F71DB9A50900410286 /* TestKitchen */ = {
			isa = PBXNativeTarget;
			buildConfigurationList = BC4304201DB9A50900410286 /* Build configuration list for PBXNativeTarget "TestKitchen" */;
			buildPhases = (
				2B781EA4FFF5380414D11519 /* [CP] Check Pods Manifest.lock */,
				BC4303F41DB9A50900410286 /* Sources */,
				BC4303F51DB9A50900410286 /* Frameworks */,
				BC4303F61DB9A50900410286 /* Resources */,
				E8B290EE4B1BB39DFCCE3D00 /* [CP] Embed Pods Frameworks */,
				E23453F869D2CB5D1808E1AD /* [CP] Copy Pods Resources */,
			);
			buildRules = (
			);
			dependencies = (
			);
			name = TestKitchen;
			productName = TestKitchen;
			productReference = BC4303F81DB9A50900410286 /* TestKitchen.app */;
			productType = "com.apple.product-type.application";
		};
		BC43040B1DB9A50900410286 /* TestKitchenTests */ = {
			isa = PBXNativeTarget;
			buildConfigurationList = BC4304231DB9A50900410286 /* Build configuration list for PBXNativeTarget "TestKitchenTests" */;
			buildPhases = (
				BC4304081DB9A50900410286 /* Sources */,
				BC4304091DB9A50900410286 /* Frameworks */,
				BC43040A1DB9A50900410286 /* Resources */,
			);
			buildRules = (
			);
			dependencies = (
				BC43040E1DB9A50900410286 /* PBXTargetDependency */,
			);
			name = TestKitchenTests;
			productName = TestKitchenTests;
			productReference = BC43040C1DB9A50900410286 /* TestKitchenTests.xctest */;
			productType = "com.apple.product-type.bundle.unit-test";
		};
		BC4304161DB9A50900410286 /* TestKitchenUITests */ = {
			isa = PBXNativeTarget;
			buildConfigurationList = BC4304261DB9A50900410286 /* Build configuration list for PBXNativeTarget "TestKitchenUITests" */;
			buildPhases = (
				BC4304131DB9A50900410286 /* Sources */,
				BC4304141DB9A50900410286 /* Frameworks */,
				BC4304151DB9A50900410286 /* Resources */,
			);
			buildRules = (
			);
			dependencies = (
				BC4304191DB9A50900410286 /* PBXTargetDependency */,
			);
			name = TestKitchenUITests;
			productName = TestKitchenUITests;
			productReference = BC4304171DB9A50900410286 /* TestKitchenUITests.xctest */;
			productType = "com.apple.product-type.bundle.ui-testing";
		};
/* End PBXNativeTarget section */

/* Begin PBXProject section */
		BC4303F01DB9A50900410286 /* Project object */ = {
			isa = PBXProject;
			attributes = {
				LastSwiftUpdateCheck = 0730;
				LastUpgradeCheck = 0730;
				ORGANIZATIONNAME = zl;
				TargetAttributes = {
					BC4303F71DB9A50900410286 = {
						CreatedOnToolsVersion = 7.3.1;
					};
					BC43040B1DB9A50900410286 = {
						CreatedOnToolsVersion = 7.3.1;
						TestTargetID = BC4303F71DB9A50900410286;
					};
					BC4304161DB9A50900410286 = {
						CreatedOnToolsVersion = 7.3.1;
						TestTargetID = BC4303F71DB9A50900410286;
					};
				};
			};
			buildConfigurationList = BC4303F31DB9A50900410286 /* Build configuration list for PBXProject "TestKitchen" */;
			compatibilityVersion = "Xcode 3.2";
			developmentRegion = English;
			hasScannedForEncodings = 0;
			knownRegions = (
				en,
				Base,
			);
			mainGroup = BC4303EF1DB9A50900410286;
			productRefGroup = BC4303F91DB9A50900410286 /* Products */;
			projectDirPath = "";
			projectRoot = "";
			targets = (
				BC4303F71DB9A50900410286 /* TestKitchen */,
				BC43040B1DB9A50900410286 /* TestKitchenTests */,
				BC4304161DB9A50900410286 /* TestKitchenUITests */,
			);
		};
/* End PBXProject section */

/* Begin PBXResourcesBuildPhase section */
		BC4303F61DB9A50900410286 /* Resources */ = {
			isa = PBXResourcesBuildPhase;
			buildActionMask = 2147483647;
			files = (
				BC4304891DB9AF7300410286 /* home_normal@2x.png in Resources */,
				BC3956161DCC64AA002FEE0E /* report_select@2x.png in Resources */,
				BC4304061DB9A50900410286 /* LaunchScreen.storyboard in Resources */,
				BC3955E91DCC1791002FEE0E /* IngreRedPacketCell.xib in Resources */,
				BC4304881DB9AF7300410286 /* community_select@3x.png in Resources */,
				BC4304901DB9AF7300410286 /* mine_select@3x.png in Resources */,
				BC43048F1DB9AF7300410286 /* mine_select@2x.png in Resources */,
				BC4304931DB9AF7300410286 /* shike_select@2x.png in Resources */,
				BC3955F51DCC1791002FEE0E /* TablePostCell.xib in Resources */,
				BC3955F31DCC1791002FEE0E /* IngreTopicCell.xib in Resources */,
				BC3955EF1DCC1791002FEE0E /* IngreTalnetCell.xib in Resources */,
				BC2ED60C1DC1B0D80062A0AD /* more_icon.png in Resources */,
				BC4304941DB9AF7300410286 /* shike_select@3x.png in Resources */,
				BC31D8FB1DBD9BF600B4FDF7 /* Controllers.json in Resources */,
				BC3956141DCC64AA002FEE0E /* report_normal@2x.png in Resources */,
				BC3956071DCC24B7002FEE0E /* FCSubjectCell.xib in Resources */,
				BCE942271DC0550800AF4BD2 /* search1.png in Resources */,
				BC3956151DCC64AA002FEE0E /* report_normal@3x.png in Resources */,
				BC4304851DB9AF7300410286 /* community_normal@2x.png in Resources */,
				BC43048D1DB9AF7300410286 /* mine_normal@2x.png in Resources */,
				BC43048A1DB9AF7300410286 /* home_normal@3x.png in Resources */,
				BC39561D1DCC7E90002FEE0E /* FCCommentHeader.xib in Resources */,
				BC2ED6081DC19A5A0062A0AD /* play-A@3x.png in Resources */,
				BC3955E61DCC1791002FEE0E /* IngreLikeCell.xib in Resources */,
				BC4304921DB9AF7300410286 /* shike_normal@3x.png in Resources */,
				BC31D1F31DC82F920031B1A6 /* search@3x.png in Resources */,
				BC4304981DB9AF7300410286 /* shop_select@3x.png in Resources */,
				BC3955E31DCC1791002FEE0E /* IngreBannerCell.xib in Resources */,
				BC43048C1DB9AF7300410286 /* home_select@3x.png in Resources */,
				BC31D1F71DC830270031B1A6 /* navBtn_bag.png in Resources */,
				BC3955EB1DCC1791002FEE0E /* IngreSceneCell.xib in Resources */,
				BC31D1F21DC82F920031B1A6 /* search@2x.png in Resources */,
				BCEF5B721DC2E57D00C84C66 /* play.png in Resources */,
				BC3956031DCC183A002FEE0E /* FCVideoCell.xib in Resources */,
				BC3956171DCC64AA002FEE0E /* report_select@3x.png in Resources */,
				BC39560F1DCC63EB002FEE0E /* FCCommentCell.xib in Resources */,
				BC31D1F51DC830210031B1A6 /* navBar.png in Resources */,
				BC4304031DB9A50900410286 /* Assets.xcassets in Resources */,
				BC4429B91DBEF80500C93CE0 /* sdefaultImage.png in Resources */,
				BC43048E1DB9AF7300410286 /* mine_normal@3x.png in Resources */,
				BC31D1F01DC82F920031B1A6 /* saoyisao@2x.png in Resources */,
				BC31D1F11DC82F920031B1A6 /* saoyisao@3x.png in Resources */,
				BC4304861DB9AF7300410286 /* community_normal@3x.png in Resources */,
				BC4304961DB9AF7300410286 /* shop_normal@3x.png in Resources */,
				BC2ED6071DC19A5A0062A0AD /* play-A@2x.png in Resources */,
				BC4304971DB9AF7300410286 /* shop_select@2x.png in Resources */,
				BC4304911DB9AF7300410286 /* shike_normal@2x.png in Resources */,
				BC3955F11DCC1791002FEE0E /* IngreTodayCell.xib in Resources */,
				BC43048B1DB9AF7300410286 /* home_select@2x.png in Resources */,
				BC3955ED1DCC1791002FEE0E /* IngreSceneListCell.xib in Resources */,
				BC4304951DB9AF7300410286 /* shop_normal@2x.png in Resources */,
				BC4304871DB9AF7300410286 /* community_select@2x.png in Resources */,
				BC4304011DB9A50900410286 /* Main.storyboard in Resources */,
			);
			runOnlyForDeploymentPostprocessing = 0;
		};
		BC43040A1DB9A50900410286 /* Resources */ = {
			isa = PBXResourcesBuildPhase;
			buildActionMask = 2147483647;
			files = (
			);
			runOnlyForDeploymentPostprocessing = 0;
		};
		BC4304151DB9A50900410286 /* Resources */ = {
			isa = PBXResourcesBuildPhase;
			buildActionMask = 2147483647;
			files = (
			);
			runOnlyForDeploymentPostprocessing = 0;
		};
/* End PBXResourcesBuildPhase section */

/* Begin PBXShellScriptBuildPhase section */
		2B781EA4FFF5380414D11519 /* [CP] Check Pods Manifest.lock */ = {
			isa = PBXShellScriptBuildPhase;
			buildActionMask = 2147483647;
			files = (
			);
			inputPaths = (
			);
			name = "[CP] Check Pods Manifest.lock";
			outputPaths = (
			);
			runOnlyForDeploymentPostprocessing = 0;
			shellPath = /bin/sh;
			shellScript = "diff \"${PODS_ROOT}/../Podfile.lock\" \"${PODS_ROOT}/Manifest.lock\" > /dev/null\nif [[ $? != 0 ]] ; then\n    cat << EOM\nerror: The sandbox is not in sync with the Podfile.lock. Run 'pod install' or update your CocoaPods installation.\nEOM\n    exit 1\nfi\n";
			showEnvVarsInLog = 0;
		};
		E23453F869D2CB5D1808E1AD /* [CP] Copy Pods Resources */ = {
			isa = PBXShellScriptBuildPhase;
			buildActionMask = 2147483647;
			files = (
			);
			inputPaths = (
			);
			name = "[CP] Copy Pods Resources";
			outputPaths = (
			);
			runOnlyForDeploymentPostprocessing = 0;
			shellPath = /bin/sh;
			shellScript = "\"${SRCROOT}/Pods/Target Support Files/Pods-TestKitchen/Pods-TestKitchen-resources.sh\"\n";
			showEnvVarsInLog = 0;
		};
		E8B290EE4B1BB39DFCCE3D00 /* [CP] Embed Pods Frameworks */ = {
			isa = PBXShellScriptBuildPhase;
			buildActionMask = 2147483647;
			files = (
			);
			inputPaths = (
			);
			name = "[CP] Embed Pods Frameworks";
			outputPaths = (
			);
			runOnlyForDeploymentPostprocessing = 0;
			shellPath = /bin/sh;
			shellScript = "\"${SRCROOT}/Pods/Target Support Files/Pods-TestKitchen/Pods-TestKitchen-frameworks.sh\"\n";
			showEnvVarsInLog = 0;
		};
/* End PBXShellScriptBuildPhase section */

/* Begin PBXSourcesBuildPhase section */
		BC4303F41DB9A50900410286 /* Sources */ = {
			isa = PBXSourcesBuildPhase;
			buildActionMask = 2147483647;
			files = (
				BC4303FE1DB9A50900410286 /* ViewController.swift in Sources */,
				BC4429B31DBEED5A00C93CE0 /* IngreRecommendView.swift in Sources */,
				BC3955EC1DCC1791002FEE0E /* IngreSceneListCell.swift in Sources */,
				BC43045F1DB9AA6B00410286 /* FoodClassViewController.swift in Sources */,
				BC3956021DCC183A002FEE0E /* FCVideoCell.swift in Sources */,
				BC31D1F91DC839750031B1A6 /* KTCsegCtrl.swift in Sources */,
				BC31D1FB1DC842930031B1A6 /* IngreMateriaView.swift in Sources */,
				BCED493E1DCAD40C00A6E02A /* FavoritesService.swift in Sources */,
				BCED493C1DCAD3F900A6E02A /* ScenelistService.swift in Sources */,
				BCED49381DCAD3CF00A6E02A /* WebViewService.swift in Sources */,
				BC3955F21DCC1791002FEE0E /* IngreTopicCell.swift in Sources */,
				BC39560E1DCC63EB002FEE0E /* FCCommentCell.swift in Sources */,
				BC31D9011DBDB6CC00B4FDF7 /* ingreRecommend.swift in Sources */,
				BC4304571DB9A9FE00410286 /* MaterialViewController.swift in Sources */,
				BC3955F41DCC1791002FEE0E /* TablePostCell.swift in Sources */,
				BC4303FC1DB9A50900410286 /* AppDelegate.swift in Sources */,
				BC43049E1DB9BB9100410286 /* UIButton+Common.swift in Sources */,
				BC4304611DB9AAC100410286 /* IngredientViewController.swift in Sources */,
				BCEF5C021DC3400500C84C66 /* MallViewController.swift in Sources */,
				BC43049C1DB9BA0A00410286 /* UILabel+common.swift in Sources */,
				BC3956061DCC24B7002FEE0E /* FCSubjectCell.swift in Sources */,
				BC3956191DCC7518002FEE0E /* KTCTabViewController.swift in Sources */,
				BCED49461DCAD45700A6E02A /* RecommendTalnetService.swift in Sources */,
				BC4304591DB9AA1700410286 /* CommunityViewController.swift in Sources */,
				BCED49341DCAD2B900A6E02A /* IngreService.swift in Sources */,
				BC4304531DB9A91300410286 /* BaseViewController.swift in Sources */,
				BCED49421DCAD43100A6E02A /* DishService.swift in Sources */,
				BC3955EE1DCC1791002FEE0E /* IngreTalnetCell.swift in Sources */,
				BCED49441DCAD43E00A6E02A /* VideoService.swift in Sources */,
				BC3955F01DCC1791002FEE0E /* IngreTodayCell.swift in Sources */,
				BCED493A1DCAD3E600A6E02A /* FoodmatchService.swift in Sources */,
				BC43045D1DB9AA4000410286 /* profileViewController.swift in Sources */,
				BC39560B1DCC5DFC002FEE0E /* FoodCourseComment.swift in Sources */,
				BC3955E21DCC1791002FEE0E /* IngreBannerCell.swift in Sources */,
				BC3955E51DCC1791002FEE0E /* IngreLikeCell.swift in Sources */,
				BCED494A1DCAD48F00A6E02A /* PostService.swift in Sources */,
				BC3955FD1DCC1797002FEE0E /* FoodCourseDetail.swift in Sources */,
				BCED49361DCAD34F00A6E02A /* FoodCourseService.swift in Sources */,
				BC3955E81DCC1791002FEE0E /* IngreRedPacketCell.swift in Sources */,
				BC43049A1DB9B98000410286 /* UIView+Common.swift in Sources */,
				BCED494E1DCAD4B600A6E02A /* MatetialService.swift in Sources */,
				BC39561B1DCC7E43002FEE0E /* FCCommentHeader.swift in Sources */,
				BCED494C1DCAD4A000A6E02A /* SubjectListService.swift in Sources */,
				BC9CCD741DC9909F0043F613 /* IngreMaterialCell.swift in Sources */,
				BCED49481DCAD47F00A6E02A /* BoutiquepostService.swift in Sources */,
				BC3955EA1DCC1791002FEE0E /* IngreSceneCell.swift in Sources */,
				BC3955E71DCC1791002FEE0E /* IngreLikeHeaderView.swift in Sources */,
				BC3956091DCC2F19002FEE0E /* FCSerialCell.swift in Sources */,
				BCED49501DCAD4D900A6E02A /* TalentService.swift in Sources */,
				BC3955FC1DCC1797002FEE0E /* FoodCourseController.swift in Sources */,
				BC4304671DB9AB8700410286 /* MainTabBarViewController.swift in Sources */,
				BC31D8FF1DBDACE300B4FDF7 /* KTCDownloader.swift in Sources */,
				BCED49401DCAD41C00A6E02A /* SceneService.swift in Sources */,
				BC31D8FD1DBDAC4600B4FDF7 /* Const.swift in Sources */,
				BC9CCD721DC97FF30043F613 /* IngreMaterial.swift in Sources */,
				BC3955E41DCC1791002FEE0E /* IngreHeaderView.swift in Sources */,
				BC4304651DB9AB2500410286 /* CategoryViewController.swift in Sources */,
			);
			runOnlyForDeploymentPostprocessing = 0;
		};
		BC4304081DB9A50900410286 /* Sources */ = {
			isa = PBXSourcesBuildPhase;
			buildActionMask = 2147483647;
			files = (
				BC4304111DB9A50900410286 /* TestKitchenTests.swift in Sources */,
			);
			runOnlyForDeploymentPostprocessing = 0;
		};
		BC4304131DB9A50900410286 /* Sources */ = {
			isa = PBXSourcesBuildPhase;
			buildActionMask = 2147483647;
			files = (
				BC43041C1DB9A50900410286 /* TestKitchenUITests.swift in Sources */,
			);
			runOnlyForDeploymentPostprocessing = 0;
		};
/* End PBXSourcesBuildPhase section */

/* Begin PBXTargetDependency section */
		BC43040E1DB9A50900410286 /* PBXTargetDependency */ = {
			isa = PBXTargetDependency;
			target = BC4303F71DB9A50900410286 /* TestKitchen */;
			targetProxy = BC43040D1DB9A50900410286 /* PBXContainerItemProxy */;
		};
		BC4304191DB9A50900410286 /* PBXTargetDependency */ = {
			isa = PBXTargetDependency;
			target = BC4303F71DB9A50900410286 /* TestKitchen */;
			targetProxy = BC4304181DB9A50900410286 /* PBXContainerItemProxy */;
		};
/* End PBXTargetDependency section */

/* Begin PBXVariantGroup section */
		BC4303FF1DB9A50900410286 /* Main.storyboard */ = {
			isa = PBXVariantGroup;
			children = (
				BC4304001DB9A50900410286 /* Base */,
			);
			name = Main.storyboard;
			sourceTree = "<group>";
		};
		BC4304041DB9A50900410286 /* LaunchScreen.storyboard */ = {
			isa = PBXVariantGroup;
			children = (
				BC4304051DB9A50900410286 /* Base */,
			);
			name = LaunchScreen.storyboard;
			sourceTree = "<group>";
		};
/* End PBXVariantGroup section */

/* Begin XCBuildConfiguration section */
		BC43041E1DB9A50900410286 /* Debug */ = {
			isa = XCBuildConfiguration;
			buildSettings = {
				ALWAYS_SEARCH_USER_PATHS = NO;
				CLANG_ANALYZER_NONNULL = YES;
				CLANG_CXX_LANGUAGE_STANDARD = "gnu++0x";
				CLANG_CXX_LIBRARY = "libc++";
				CLANG_ENABLE_MODULES = YES;
				CLANG_ENABLE_OBJC_ARC = YES;
				CLANG_WARN_BOOL_CONVERSION = YES;
				CLANG_WARN_CONSTANT_CONVERSION = YES;
				CLANG_WARN_DIRECT_OBJC_ISA_USAGE = YES_ERROR;
				CLANG_WARN_EMPTY_BODY = YES;
				CLANG_WARN_ENUM_CONVERSION = YES;
				CLANG_WARN_INT_CONVERSION = YES;
				CLANG_WARN_OBJC_ROOT_CLASS = YES_ERROR;
				CLANG_WARN_UNREACHABLE_CODE = YES;
				CLANG_WARN__DUPLICATE_METHOD_MATCH = YES;
				"CODE_SIGN_IDENTITY[sdk=iphoneos*]" = "iPhone Developer";
				COPY_PHASE_STRIP = NO;
				DEBUG_INFORMATION_FORMAT = dwarf;
				ENABLE_STRICT_OBJC_MSGSEND = YES;
				ENABLE_TESTABILITY = YES;
				GCC_C_LANGUAGE_STANDARD = gnu99;
				GCC_DYNAMIC_NO_PIC = NO;
				GCC_NO_COMMON_BLOCKS = YES;
				GCC_OPTIMIZATION_LEVEL = 0;
				GCC_PREPROCESSOR_DEFINITIONS = (
					"DEBUG=1",
					"$(inherited)",
				);
				GCC_WARN_64_TO_32_BIT_CONVERSION = YES;
				GCC_WARN_ABOUT_RETURN_TYPE = YES_ERROR;
				GCC_WARN_UNDECLARED_SELECTOR = YES;
				GCC_WARN_UNINITIALIZED_AUTOS = YES_AGGRESSIVE;
				GCC_WARN_UNUSED_FUNCTION = YES;
				GCC_WARN_UNUSED_VARIABLE = YES;
				IPHONEOS_DEPLOYMENT_TARGET = 9.3;
				MTL_ENABLE_DEBUG_INFO = YES;
				ONLY_ACTIVE_ARCH = YES;
				SDKROOT = iphoneos;
				SWIFT_OPTIMIZATION_LEVEL = "-Onone";
			};
			name = Debug;
		};
		BC43041F1DB9A50900410286 /* Release */ = {
			isa = XCBuildConfiguration;
			buildSettings = {
				ALWAYS_SEARCH_USER_PATHS = NO;
				CLANG_ANALYZER_NONNULL = YES;
				CLANG_CXX_LANGUAGE_STANDARD = "gnu++0x";
				CLANG_CXX_LIBRARY = "libc++";
				CLANG_ENABLE_MODULES = YES;
				CLANG_ENABLE_OBJC_ARC = YES;
				CLANG_WARN_BOOL_CONVERSION = YES;
				CLANG_WARN_CONSTANT_CONVERSION = YES;
				CLANG_WARN_DIRECT_OBJC_ISA_USAGE = YES_ERROR;
				CLANG_WARN_EMPTY_BODY = YES;
				CLANG_WARN_ENUM_CONVERSION = YES;
				CLANG_WARN_INT_CONVERSION = YES;
				CLANG_WARN_OBJC_ROOT_CLASS = YES_ERROR;
				CLANG_WARN_UNREACHABLE_CODE = YES;
				CLANG_WARN__DUPLICATE_METHOD_MATCH = YES;
				"CODE_SIGN_IDENTITY[sdk=iphoneos*]" = "iPhone Developer";
				COPY_PHASE_STRIP = NO;
				DEBUG_INFORMATION_FORMAT = "dwarf-with-dsym";
				ENABLE_NS_ASSERTIONS = NO;
				ENABLE_STRICT_OBJC_MSGSEND = YES;
				GCC_C_LANGUAGE_STANDARD = gnu99;
				GCC_NO_COMMON_BLOCKS = YES;
				GCC_WARN_64_TO_32_BIT_CONVERSION = YES;
				GCC_WARN_ABOUT_RETURN_TYPE = YES_ERROR;
				GCC_WARN_UNDECLARED_SELECTOR = YES;
				GCC_WARN_UNINITIALIZED_AUTOS = YES_AGGRESSIVE;
				GCC_WARN_UNUSED_FUNCTION = YES;
				GCC_WARN_UNUSED_VARIABLE = YES;
				IPHONEOS_DEPLOYMENT_TARGET = 9.3;
				MTL_ENABLE_DEBUG_INFO = NO;
				SDKROOT = iphoneos;
				VALIDATE_PRODUCT = YES;
			};
			name = Release;
		};
		BC4304211DB9A50900410286 /* Debug */ = {
			isa = XCBuildConfiguration;
			baseConfigurationReference = 645FCF411D130089E5D7F08F /* Pods-TestKitchen.debug.xcconfig */;
			buildSettings = {
				ASSETCATALOG_COMPILER_APPICON_NAME = AppIcon;
				ASSETCATALOG_COMPILER_LAUNCHIMAGE_NAME = LaunchImage;
				INFOPLIST_FILE = TestKitchen/Info.plist;
				LD_RUNPATH_SEARCH_PATHS = "$(inherited) @executable_path/Frameworks";
				PRODUCT_BUNDLE_IDENTIFIER = "-980681359.TestKitchen";
				PRODUCT_NAME = "$(TARGET_NAME)";
			};
			name = Debug;
		};
		BC4304221DB9A50900410286 /* Release */ = {
			isa = XCBuildConfiguration;
			baseConfigurationReference = BAE771C790CE0410F65489E9 /* Pods-TestKitchen.release.xcconfig */;
			buildSettings = {
				ASSETCATALOG_COMPILER_APPICON_NAME = AppIcon;
				ASSETCATALOG_COMPILER_LAUNCHIMAGE_NAME = LaunchImage;
				INFOPLIST_FILE = TestKitchen/Info.plist;
				LD_RUNPATH_SEARCH_PATHS = "$(inherited) @executable_path/Frameworks";
				PRODUCT_BUNDLE_IDENTIFIER = "-980681359.TestKitchen";
				PRODUCT_NAME = "$(TARGET_NAME)";
			};
			name = Release;
		};
		BC4304241DB9A50900410286 /* Debug */ = {
			isa = XCBuildConfiguration;
			buildSettings = {
				BUNDLE_LOADER = "$(TEST_HOST)";
				INFOPLIST_FILE = TestKitchenTests/Info.plist;
				LD_RUNPATH_SEARCH_PATHS = "$(inherited) @executable_path/Frameworks @loader_path/Frameworks";
				PRODUCT_BUNDLE_IDENTIFIER = "-980681359.TestKitchenTests";
				PRODUCT_NAME = "$(TARGET_NAME)";
				TEST_HOST = "$(BUILT_PRODUCTS_DIR)/TestKitchen.app/TestKitchen";
			};
			name = Debug;
		};
		BC4304251DB9A50900410286 /* Release */ = {
			isa = XCBuildConfiguration;
			buildSettings = {
				BUNDLE_LOADER = "$(TEST_HOST)";
				INFOPLIST_FILE = TestKitchenTests/Info.plist;
				LD_RUNPATH_SEARCH_PATHS = "$(inherited) @executable_path/Frameworks @loader_path/Frameworks";
				PRODUCT_BUNDLE_IDENTIFIER = "-980681359.TestKitchenTests";
				PRODUCT_NAME = "$(TARGET_NAME)";
				TEST_HOST = "$(BUILT_PRODUCTS_DIR)/TestKitchen.app/TestKitchen";
			};
			name = Release;
		};
		BC4304271DB9A50900410286 /* Debug */ = {
			isa = XCBuildConfiguration;
			buildSettings = {
				INFOPLIST_FILE = TestKitchenUITests/Info.plist;
				LD_RUNPATH_SEARCH_PATHS = "$(inherited) @executable_path/Frameworks @loader_path/Frameworks";
				PRODUCT_BUNDLE_IDENTIFIER = "-980681359.TestKitchenUITests";
				PRODUCT_NAME = "$(TARGET_NAME)";
				TEST_TARGET_NAME = TestKitchen;
			};
			name = Debug;
		};
		BC4304281DB9A50900410286 /* Release */ = {
			isa = XCBuildConfiguration;
			buildSettings = {
				INFOPLIST_FILE = TestKitchenUITests/Info.plist;
				LD_RUNPATH_SEARCH_PATHS = "$(inherited) @executable_path/Frameworks @loader_path/Frameworks";
				PRODUCT_BUNDLE_IDENTIFIER = "-980681359.TestKitchenUITests";
				PRODUCT_NAME = "$(TARGET_NAME)";
				TEST_TARGET_NAME = TestKitchen;
			};
			name = Release;
		};
/* End XCBuildConfiguration section */

/* Begin XCConfigurationList section */
		BC4303F31DB9A50900410286 /* Build configuration list for PBXProject "TestKitchen" */ = {
			isa = XCConfigurationList;
			buildConfigurations = (
				BC43041E1DB9A50900410286 /* Debug */,
				BC43041F1DB9A50900410286 /* Release */,
			);
			defaultConfigurationIsVisible = 0;
			defaultConfigurationName = Release;
		};
		BC4304201DB9A50900410286 /* Build configuration list for PBXNativeTarget "TestKitchen" */ = {
			isa = XCConfigurationList;
			buildConfigurations = (
				BC4304211DB9A50900410286 /* Debug */,
				BC4304221DB9A50900410286 /* Release */,
			);
			defaultConfigurationIsVisible = 0;
			defaultConfigurationName = Release;
		};
		BC4304231DB9A50900410286 /* Build configuration list for PBXNativeTarget "TestKitchenTests" */ = {
			isa = XCConfigurationList;
			buildConfigurations = (
				BC4304241DB9A50900410286 /* Debug */,
				BC4304251DB9A50900410286 /* Release */,
			);
			defaultConfigurationIsVisible = 0;
			defaultConfigurationName = Release;
		};
		BC4304261DB9A50900410286 /* Build configuration list for PBXNativeTarget "TestKitchenUITests" */ = {
			isa = XCConfigurationList;
			buildConfigurations = (
				BC4304271DB9A50900410286 /* Debug */,
				BC4304281DB9A50900410286 /* Release */,
			);
			defaultConfigurationIsVisible = 0;
			defaultConfigurationName = Release;
		};
/* End XCConfigurationList section */
	};
	rootObject = BC4303F01DB9A50900410286 /* Project object */;
}
